
Microsoft Visual Studio Solution File, Format Version 12.00
# Visual Studio Version 17
VisualStudioVersion = 17.12.35527.113
MinimumVisualStudioVersion = 10.0.40219.1
Project("{2150E333-8FDC-42A3-9474-1A3956D46DE8}") = "CSharpEssential", "CSharpEssential", "{5D3F7972-C482-4906-A06D-B5F6E6308118}"
EndProject
Project("{2150E333-8FDC-42A3-9474-1A3956D46DE8}") = "MiniExcel", "MiniExcel", "{5C268757-C28D-4B3D-BC42-1D7440BD49F5}"
EndProject
Project("{FAE04EC0-301F-11D3-BF4B-00C04F79EFBC}") = "UseCase_GetSheetNames", "MiniExcel\UseCase_GetSheetNames\UseCase_GetSheetNames.csproj", "{5AA4BE04-6AB3-4ACB-A5C7-2B399ED85AB1}"
EndProject
Project("{FAE04EC0-301F-11D3-BF4B-00C04F79EFBC}") = "UseCase_Query", "MiniExcel\UseCase_Query\UseCase_Query.csproj", "{5AAAD360-E2F3-4ECC-83CF-BE5DC3C87A01}"
EndProject
Project("{FAE04EC0-301F-11D3-BF4B-00C04F79EFBC}") = "UseCase_GetColumns", "MiniExcel\UseCase_GetColumns\UseCase_GetColumns.csproj", "{3C6F90F4-8084-4C11-B0D0-1D8670287C3D}"
EndProject
Project("{FAE04EC0-301F-11D3-BF4B-00C04F79EFBC}") = "UseCase_QueryRange", "MiniExcel\UseCase_QueryRange\UseCase_QueryRange.csproj", "{527ED8A3-FEA6-4711-A85D-4DC26705A966}"
EndProject
Project("{FAE04EC0-301F-11D3-BF4B-00C04F79EFBC}") = "UseCase_QueryAsDataTable", "MiniExcel\UseCase_QueryAsDataTable\UseCase_QueryAsDataTable.csproj", "{C689E27D-A5EB-4EFD-86F5-56A45317C20D}"
EndProject
Project("{FAE04EC0-301F-11D3-BF4B-00C04F79EFBC}") = "UseCase_FillMergedCellsQuery", "MiniExcel\UseCase_FillMergedCellsQuery\UseCase_FillMergedCellsQuery.csproj", "{C379FE59-A12C-4802-9696-5035737C5F87}"
EndProject
Project("{FAE04EC0-301F-11D3-BF4B-00C04F79EFBC}") = "Code_Test", "CSharpEssential\Code_Test\Code_Test.csproj", "{2B819B9D-17CA-4628-9572-19C08F861AD9}"
EndProject
Project("{FAE04EC0-301F-11D3-BF4B-00C04F79EFBC}") = "UseCase_Linq", "MiniExcel\UseCase_Linq\UseCase_Linq.csproj", "{3E64466A-6AC7-4D1C-A3E2-29B1B4B87090}"
EndProject
Project("{FAE04EC0-301F-11D3-BF4B-00C04F79EFBC}") = "Code_foreach", "CSharpEssential\Code_foreach\Code_foreach.csproj", "{147F2315-2420-4C16-BF25-D0368A17A527}"
EndProject
Project("{FAE04EC0-301F-11D3-BF4B-00C04F79EFBC}") = "Code_FirstOrLast", "CSharpEssential\Code_FirstOrLast\Code_FirstOrLast.csproj", "{58E8F319-10EF-4509-98FE-E8E1B1112BE1}"
EndProject
Project("{FAE04EC0-301F-11D3-BF4B-00C04F79EFBC}") = "Code_DefaultIfEmpty", "CSharpEssential\Code_DefaultIfEmpty\Code_DefaultIfEmpty.csproj", "{EA1C097F-53C2-4533-8A8B-64C6188CC5DA}"
EndProject
Project("{FAE04EC0-301F-11D3-BF4B-00C04F79EFBC}") = "Code_Single", "CSharpEssential\Code_Single\Code_Single.csproj", "{9A44DDFC-48EE-483E-94FE-52CDC801709F}"
EndProject
Project("{FAE04EC0-301F-11D3-BF4B-00C04F79EFBC}") = "Code_Select", "CSharpEssential\Code_Select\Code_Select.csproj", "{8D5B6A64-CB2E-407D-B52C-D957D4BA8207}"
EndProject
Project("{FAE04EC0-301F-11D3-BF4B-00C04F79EFBC}") = "Code_SelectMany", "CSharpEssential\Code_SelectMany\Code_SelectMany.csproj", "{121FF26C-1009-4A6A-90FD-B9CEC5FAB4BE}"
EndProject
Project("{FAE04EC0-301F-11D3-BF4B-00C04F79EFBC}") = "Code_OrderBy", "CSharpEssential\Code_OrderBy\Code_OrderBy.csproj", "{EB394DE9-6959-4227-82B1-DEF9B6380B33}"
EndProject
Project("{FAE04EC0-301F-11D3-BF4B-00C04F79EFBC}") = "Code_OrderByThenBy", "CSharpEssential\Code_OrderByThenBy\Code_OrderByThenBy.csproj", "{0E539C03-BBB5-4B5E-9D3A-AA435BBDF15D}"
EndProject
Project("{FAE04EC0-301F-11D3-BF4B-00C04F79EFBC}") = "Code_OrderByDescending", "CSharpEssential\Code_OrderByDescending\Code_OrderByDescending.csproj", "{76EFCDF5-7DF7-4E41-9BD7-7862E48EAF46}"
EndProject
Project("{FAE04EC0-301F-11D3-BF4B-00C04F79EFBC}") = "Code_OrderByDesecendingThenByDesecending", "CSharpEssential\Code_OrderByDesecendingThenByDesecending\Code_OrderByDesecendingThenByDesecending.csproj", "{3F5882C2-200D-47CD-94BD-FE418D217349}"
EndProject
Project("{FAE04EC0-301F-11D3-BF4B-00C04F79EFBC}") = "Code_Reverse", "CSharpEssential\Code_Reverse\Code_Reverse.csproj", "{BB342DFB-0DEA-4219-925D-D908623B88AB}"
EndProject
Project("{FAE04EC0-301F-11D3-BF4B-00C04F79EFBC}") = "Code_UnionUnionBy", "CSharpEssential\Code_UnionUnionBy\Code_UnionUnionBy.csproj", "{B66CFEE7-7730-4BF3-9E19-EE04CA94F8A4}"
EndProject
Project("{FAE04EC0-301F-11D3-BF4B-00C04F79EFBC}") = "Code_IntersectBy", "CSharpEssential\Code_IntersectBy\Code_IntersectBy.csproj", "{3043AA9C-A3E5-4DF6-A3AE-9FFE0D6B6DE5}"
EndProject
Project("{FAE04EC0-301F-11D3-BF4B-00C04F79EFBC}") = "Code_ExceptBy", "CSharpEssential\Code_ExceptBy\Code_ExceptBy.csproj", "{FD647CCA-AB61-47BB-9799-7A196E74DD3E}"
EndProject
Project("{FAE04EC0-301F-11D3-BF4B-00C04F79EFBC}") = "Code_Zip", "CSharpEssential\Code_Zip\Code_Zip.csproj", "{CF52C346-DBE8-4AD8-8C07-707D394FB035}"
EndProject
Project("{FAE04EC0-301F-11D3-BF4B-00C04F79EFBC}") = "Code_Concat", "CSharpEssential\Code_Concat\Code_Concat.csproj", "{F4EBBEEB-EF55-45A1-9A7E-77967DC72F6B}"
EndProject
Project("{FAE04EC0-301F-11D3-BF4B-00C04F79EFBC}") = "Code_DistinctBy", "CSharpEssential\Code_DistinctBy\Code_DistinctBy.csproj", "{54C49A70-9AAB-4AA3-91C9-2F8AA7B02F1E}"
EndProject
Project("{FAE04EC0-301F-11D3-BF4B-00C04F79EFBC}") = "Code_Chunk", "CSharpEssential\Code_Chunk\Code_Chunk.csproj", "{FA355D2E-E5DB-488E-A63A-97313B60882C}"
EndProject
Project("{FAE04EC0-301F-11D3-BF4B-00C04F79EFBC}") = "Code_Range", "CSharpEssential\Code_Range\Code_Range.csproj", "{1B9C61BD-7F39-4257-A8AE-E5AE72048E53}"
EndProject
Project("{FAE04EC0-301F-11D3-BF4B-00C04F79EFBC}") = "Code_Repeat", "CSharpEssential\Code_Repeat\Code_Repeat.csproj", "{D3873388-0F8A-4177-92AF-7C423A9E342A}"
EndProject
Project("{FAE04EC0-301F-11D3-BF4B-00C04F79EFBC}") = "Code_GroupBy", "CSharpEssential\Code_GroupBy\Code_GroupBy.csproj", "{50C10C6C-E764-4FA2-A41F-274A8CC0B353}"
EndProject
Project("{FAE04EC0-301F-11D3-BF4B-00C04F79EFBC}") = "Code_Prepend", "CSharpEssential\Code_Prepend\Code_Prepend.csproj", "{2DFA2797-D4AB-4A29-BEDD-FBE4C9782480}"
EndProject
Project("{FAE04EC0-301F-11D3-BF4B-00C04F79EFBC}") = "Code_Empty", "CSharpEssential\Code_Empty\Code_Empty.csproj", "{D2194190-1A66-4695-A5BE-3F485407E89B}"
EndProject
Project("{FAE04EC0-301F-11D3-BF4B-00C04F79EFBC}") = "Code_Join", "CSharpEssential\Code_Join\Code_Join.csproj", "{9238B671-9211-4597-98AB-7A8AB62CC5B6}"
EndProject
Project("{FAE04EC0-301F-11D3-BF4B-00C04F79EFBC}") = "Core_GroupJoin", "CSharpEssential\Core_GroupJoin\Core_GroupJoin.csproj", "{517B4DE1-F679-4581-9318-C7612996A24F}"
EndProject
Project("{FAE04EC0-301F-11D3-BF4B-00C04F79EFBC}") = "Code_Count", "CSharpEssential\Code_Count\Code_Count.csproj", "{3A1B76D1-5389-4826-B232-FBE157A2B6B1}"
EndProject
Project("{FAE04EC0-301F-11D3-BF4B-00C04F79EFBC}") = "Code_Contains", "CSharpEssential\Code_Contains\Code_Contains.csproj", "{AACB36FE-1D62-42A8-B398-2DA38174293F}"
EndProject
Project("{FAE04EC0-301F-11D3-BF4B-00C04F79EFBC}") = "Code_All", "CSharpEssential\Code_All\Code_All.csproj", "{4C0FC4F6-C327-482F-A786-4CB7CDC22C93}"
EndProject
Project("{FAE04EC0-301F-11D3-BF4B-00C04F79EFBC}") = "Code_Any", "CSharpEssential\Code_Any\Code_Any.csproj", "{F26D6775-5E88-4554-AA61-B6AE09D2CC2B}"
EndProject
Project("{FAE04EC0-301F-11D3-BF4B-00C04F79EFBC}") = "Code_Cast", "CSharpEssential\Code_Cast\Code_Cast.csproj", "{04683136-048B-4CA0-8E40-D603305DC620}"
EndProject
Project("{FAE04EC0-301F-11D3-BF4B-00C04F79EFBC}") = "Code_ToArray", "CSharpEssential\Code_ToArray\Code_ToArray.csproj", "{F709A1A4-B88F-429C-B3A6-8E6C7C50AEBE}"
EndProject
Project("{FAE04EC0-301F-11D3-BF4B-00C04F79EFBC}") = "Code_ToDictionary", "CSharpEssential\Code_ToDictionary\Code_ToDictionary.csproj", "{BD846B7E-46B7-404A-A52D-6B76C2D4BACD}"
EndProject
Project("{FAE04EC0-301F-11D3-BF4B-00C04F79EFBC}") = "Code_ToHashSet", "CSharpEssential\Code_ToHashSet\Code_ToHashSet.csproj", "{8EE41DC4-CA5D-4696-8AD2-674DEBC22D3D}"
EndProject
Project("{FAE04EC0-301F-11D3-BF4B-00C04F79EFBC}") = "Code_ToList", "CSharpEssential\Code_ToList\Code_ToList.csproj", "{8A8DFBE2-527F-42A1-B129-67047A62ABE2}"
EndProject
Project("{FAE04EC0-301F-11D3-BF4B-00C04F79EFBC}") = "Code_Test02_分组数据行", "CSharpEssential\Code_Test02_分组数据行\Code_Test02_分组数据行.csproj", "{3897CED7-2E2D-4703-BE7A-1DA582207E2C}"
EndProject
Project("{FAE04EC0-301F-11D3-BF4B-00C04F79EFBC}") = "Code_List", "CSharpEssential\Code_List\Code_List.csproj", "{D3FC40CA-838A-41B6-8B14-FFF5E40C5F8A}"
EndProject
Project("{FAE04EC0-301F-11D3-BF4B-00C04F79EFBC}") = "Code_IComparableT", "CSharpEssential\Code_IComparableT\Code_IComparableT.csproj", "{06577E9D-6C54-4BBA-8283-C91F980AD0B3}"
EndProject
Project("{FAE04EC0-301F-11D3-BF4B-00C04F79EFBC}") = "Code_IComparer", "CSharpEssential\Code_IComparer\Code_IComparer.csproj", "{8900BECC-3BAA-4C4D-8F38-CE94254FA411}"
EndProject
Project("{FAE04EC0-301F-11D3-BF4B-00C04F79EFBC}") = "Code_FindAll", "CSharpEssential\Code_FindAll\Code_FindAll.csproj", "{6998221B-2E92-4954-8778-A2C568A74C92}"
EndProject
Project("{FAE04EC0-301F-11D3-BF4B-00C04F79EFBC}") = "Code_IEqualityComparer", "CSharpEssential\Code_IEqualityComparer\Code_IEqualityComparer.csproj", "{0765E2C8-B2D9-4F95-8AC6-9925DBEC096A}"
EndProject
Project("{FAE04EC0-301F-11D3-BF4B-00C04F79EFBC}") = "Code_WPFTest", "CSharpEssential\Code_WPFTest\Code_WPFTest.csproj", "{2B067532-2318-4C65-BD08-C8BDD9310BBC}"
EndProject
Project("{FAE04EC0-301F-11D3-BF4B-00C04F79EFBC}") = "Code_UserDefinedIndexer", "CSharpEssential\Code_UserDefinedIndexer\Code_UserDefinedIndexer.csproj", "{24644998-E02A-4081-A6B0-CB6CD30C4B3F}"
EndProject
Project("{FAE04EC0-301F-11D3-BF4B-00C04F79EFBC}") = "Code_Indexer02", "CSharpEssential\Code_Indexer02\Code_Indexer02.csproj", "{0C098597-0235-483A-B7ED-3D2C01D4E31D}"
EndProject
Project("{FAE04EC0-301F-11D3-BF4B-00C04F79EFBC}") = "Code_Yield", "CSharpEssential\Code_Yield\Code_Yield.csproj", "{8DAE1447-0759-4D39-A71B-50545BF0CAE3}"
EndProject
Project("{FAE04EC0-301F-11D3-BF4B-00C04F79EFBC}") = "Code_Thread", "CSharpEssential\Code_Thread\Code_Thread.csproj", "{151C7F1B-CD5E-4434-8CCE-BEFBB09701F5}"
EndProject
Project("{FAE04EC0-301F-11D3-BF4B-00C04F79EFBC}") = "Code_ThermostaticControl", "CSharpEssential\Code_Thermostat\Code_ThermostaticControl.csproj", "{F5F5B805-572F-4821-9D35-18BF343958B7}"
EndProject
Project("{2150E333-8FDC-42A3-9474-1A3956D46DE8}") = "Json.NET", "Json.NET", "{D3F384FC-00F0-4BA8-8D5F-E206CFD8ED7A}"
EndProject
Project("{FAE04EC0-301F-11D3-BF4B-00C04F79EFBC}") = "Code_Tokenization", "Json.NET\Code_Tokenization\Code_Tokenization.csproj", "{592DEFD6-65E5-4AC0-AEDA-4A7C9CE8963A}"
EndProject
Project("{FAE04EC0-301F-11D3-BF4B-00C04F79EFBC}") = "Code_Deserialization", "Json.NET\Code_Deserialization\Code_Deserialization.csproj", "{36FFCC65-8898-4682-BE39-0564B263DE87}"
EndProject
Project("{FAE04EC0-301F-11D3-BF4B-00C04F79EFBC}") = "Code_SerializeObject", "Json.NET\Code_SerializeObject\Code_SerializeObject.csproj", "{8FB0260F-7F53-4BA6-9FC9-B2AE42EF598C}"
EndProject
Project("{FAE04EC0-301F-11D3-BF4B-00C04F79EFBC}") = "Code_DeserializationWithSettings", "Json.NET\Code_DeserializationWithSettings\Code_DeserializationWithSettings.csproj", "{4FF8CA9D-67D4-4C59-903C-C75E57153AC0}"
EndProject
Project("{FAE04EC0-301F-11D3-BF4B-00C04F79EFBC}") = "Code_SerializeObjectWithSettings", "Json.NET\Code_SerializeObjectWithSettings\Code_SerializeObjectWithSettings.csproj", "{3FEC308C-B395-4193-8EB8-90E3F50407C2}"
EndProject
Project("{FAE04EC0-301F-11D3-BF4B-00C04F79EFBC}") = "Code_JToken", "Json.NET\Code_JToken\Code_JToken.csproj", "{194B2EFD-82E6-4CDC-BE4F-3E8F0F63221F}"
EndProject
Project("{FAE04EC0-301F-11D3-BF4B-00C04F79EFBC}") = "Code_JSONPath", "Json.NET\Code_JSONPath\Code_JSONPath.csproj", "{1E22163C-277C-4D2E-8B0D-15FC036A8E41}"
EndProject
Project("{FAE04EC0-301F-11D3-BF4B-00C04F79EFBC}") = "Code_JSONPath_Examples", "Json.NET\Code_JSONPath_Examples\Code_JSONPath_Examples.csproj", "{F2D6A651-8F53-40C0-9A61-B9EFD9E8A98A}"
EndProject
Project("{FAE04EC0-301F-11D3-BF4B-00C04F79EFBC}") = "Code_JSONPath_Basics", "Json.NET\Code_JSONPath_Basics\Code_JSONPath_Basics.csproj", "{6502E9C4-0D66-4AB2-B859-AD6D1B2C7F6B}"
EndProject
Project("{FAE04EC0-301F-11D3-BF4B-00C04F79EFBC}") = "Code_JToken_Basics", "Json.NET\Code_JToken_Basics\Code_JToken_Basics.csproj", "{FCB0F298-FB7C-44C9-A092-B5B56ACA8CAB}"
EndProject
Project("{FAE04EC0-301F-11D3-BF4B-00C04F79EFBC}") = "Code_JToken_Children", "Json.NET\Code_JToken_Children\Code_JToken_Children.csproj", "{BCB10645-4187-4EFA-A60A-64404B03186F}"
EndProject
Project("{FAE04EC0-301F-11D3-BF4B-00C04F79EFBC}") = "Code_JToken_Collections", "Json.NET\Code_JToken_Collections\Code_JToken_Collections.csproj", "{169419AC-40FC-4EF8-BD39-5B10E1546788}"
EndProject
Project("{FAE04EC0-301F-11D3-BF4B-00C04F79EFBC}") = "Code_AncestorsBeforeAfterSelf", "Json.NET\Code_AncestorsBeforeAfterSelf\Code_AncestorsBeforeAfterSelf.csproj", "{5125B10C-CAB9-44E2-9000-F087596EB186}"
EndProject
Project("{FAE04EC0-301F-11D3-BF4B-00C04F79EFBC}") = "Code_JTokenCast", "Json.NET\Code_JTokenCast\Code_JTokenCast.csproj", "{220CC86E-2F6D-4889-A161-6FC06C168985}"
EndProject
Project("{FAE04EC0-301F-11D3-BF4B-00C04F79EFBC}") = "Code_ChildrenTokens", "Json.NET\Code_ChildrenTokens\Code_ChildrenTokens.csproj", "{DBB60946-A9C7-4BBB-8B30-6E98A620B7C9}"
EndProject
Project("{FAE04EC0-301F-11D3-BF4B-00C04F79EFBC}") = "Code_JContainer", "Json.NET\Code_JContainer\Code_JContainer.csproj", "{A687EAF8-0B71-498A-9EAB-076C8A3945E4}"
EndProject
Project("{FAE04EC0-301F-11D3-BF4B-00C04F79EFBC}") = "Code_DescendantsAndSelf", "Json.NET\Code_DescendantsAndSelf\Code_DescendantsAndSelf.csproj", "{F75D2A21-17E1-4D20-9DAA-9D9DBB2089C8}"
EndProject
Project("{FAE04EC0-301F-11D3-BF4B-00C04F79EFBC}") = "Code_JObject", "Json.NET\Code_JObject\Code_JObject.csproj", "{0F443284-AF14-4717-880D-C75FFA98EECB}"
EndProject
Global
	GlobalSection(SolutionConfigurationPlatforms) = preSolution
		Debug|Any CPU = Debug|Any CPU
		Release|Any CPU = Release|Any CPU
	EndGlobalSection
	GlobalSection(ProjectConfigurationPlatforms) = postSolution
		{5AA4BE04-6AB3-4ACB-A5C7-2B399ED85AB1}.Debug|Any CPU.ActiveCfg = Debug|Any CPU
		{5AA4BE04-6AB3-4ACB-A5C7-2B399ED85AB1}.Debug|Any CPU.Build.0 = Debug|Any CPU
		{5AA4BE04-6AB3-4ACB-A5C7-2B399ED85AB1}.Release|Any CPU.ActiveCfg = Release|Any CPU
		{5AA4BE04-6AB3-4ACB-A5C7-2B399ED85AB1}.Release|Any CPU.Build.0 = Release|Any CPU
		{5AAAD360-E2F3-4ECC-83CF-BE5DC3C87A01}.Debug|Any CPU.ActiveCfg = Debug|Any CPU
		{5AAAD360-E2F3-4ECC-83CF-BE5DC3C87A01}.Debug|Any CPU.Build.0 = Debug|Any CPU
		{5AAAD360-E2F3-4ECC-83CF-BE5DC3C87A01}.Release|Any CPU.ActiveCfg = Release|Any CPU
		{5AAAD360-E2F3-4ECC-83CF-BE5DC3C87A01}.Release|Any CPU.Build.0 = Release|Any CPU
		{3C6F90F4-8084-4C11-B0D0-1D8670287C3D}.Debug|Any CPU.ActiveCfg = Debug|Any CPU
		{3C6F90F4-8084-4C11-B0D0-1D8670287C3D}.Debug|Any CPU.Build.0 = Debug|Any CPU
		{3C6F90F4-8084-4C11-B0D0-1D8670287C3D}.Release|Any CPU.ActiveCfg = Release|Any CPU
		{3C6F90F4-8084-4C11-B0D0-1D8670287C3D}.Release|Any CPU.Build.0 = Release|Any CPU
		{527ED8A3-FEA6-4711-A85D-4DC26705A966}.Debug|Any CPU.ActiveCfg = Debug|Any CPU
		{527ED8A3-FEA6-4711-A85D-4DC26705A966}.Debug|Any CPU.Build.0 = Debug|Any CPU
		{527ED8A3-FEA6-4711-A85D-4DC26705A966}.Release|Any CPU.ActiveCfg = Release|Any CPU
		{527ED8A3-FEA6-4711-A85D-4DC26705A966}.Release|Any CPU.Build.0 = Release|Any CPU
		{C689E27D-A5EB-4EFD-86F5-56A45317C20D}.Debug|Any CPU.ActiveCfg = Debug|Any CPU
		{C689E27D-A5EB-4EFD-86F5-56A45317C20D}.Debug|Any CPU.Build.0 = Debug|Any CPU
		{C689E27D-A5EB-4EFD-86F5-56A45317C20D}.Release|Any CPU.ActiveCfg = Release|Any CPU
		{C689E27D-A5EB-4EFD-86F5-56A45317C20D}.Release|Any CPU.Build.0 = Release|Any CPU
		{C379FE59-A12C-4802-9696-5035737C5F87}.Debug|Any CPU.ActiveCfg = Debug|Any CPU
		{C379FE59-A12C-4802-9696-5035737C5F87}.Debug|Any CPU.Build.0 = Debug|Any CPU
		{C379FE59-A12C-4802-9696-5035737C5F87}.Release|Any CPU.ActiveCfg = Release|Any CPU
		{C379FE59-A12C-4802-9696-5035737C5F87}.Release|Any CPU.Build.0 = Release|Any CPU
		{2B819B9D-17CA-4628-9572-19C08F861AD9}.Debug|Any CPU.ActiveCfg = Debug|Any CPU
		{2B819B9D-17CA-4628-9572-19C08F861AD9}.Debug|Any CPU.Build.0 = Debug|Any CPU
		{2B819B9D-17CA-4628-9572-19C08F861AD9}.Release|Any CPU.ActiveCfg = Release|Any CPU
		{2B819B9D-17CA-4628-9572-19C08F861AD9}.Release|Any CPU.Build.0 = Release|Any CPU
		{3E64466A-6AC7-4D1C-A3E2-29B1B4B87090}.Debug|Any CPU.ActiveCfg = Debug|Any CPU
		{3E64466A-6AC7-4D1C-A3E2-29B1B4B87090}.Debug|Any CPU.Build.0 = Debug|Any CPU
		{3E64466A-6AC7-4D1C-A3E2-29B1B4B87090}.Release|Any CPU.ActiveCfg = Release|Any CPU
		{3E64466A-6AC7-4D1C-A3E2-29B1B4B87090}.Release|Any CPU.Build.0 = Release|Any CPU
		{147F2315-2420-4C16-BF25-D0368A17A527}.Debug|Any CPU.ActiveCfg = Debug|Any CPU
		{147F2315-2420-4C16-BF25-D0368A17A527}.Debug|Any CPU.Build.0 = Debug|Any CPU
		{147F2315-2420-4C16-BF25-D0368A17A527}.Release|Any CPU.ActiveCfg = Release|Any CPU
		{147F2315-2420-4C16-BF25-D0368A17A527}.Release|Any CPU.Build.0 = Release|Any CPU
		{58E8F319-10EF-4509-98FE-E8E1B1112BE1}.Debug|Any CPU.ActiveCfg = Debug|Any CPU
		{58E8F319-10EF-4509-98FE-E8E1B1112BE1}.Debug|Any CPU.Build.0 = Debug|Any CPU
		{58E8F319-10EF-4509-98FE-E8E1B1112BE1}.Release|Any CPU.ActiveCfg = Release|Any CPU
		{58E8F319-10EF-4509-98FE-E8E1B1112BE1}.Release|Any CPU.Build.0 = Release|Any CPU
		{EA1C097F-53C2-4533-8A8B-64C6188CC5DA}.Debug|Any CPU.ActiveCfg = Debug|Any CPU
		{EA1C097F-53C2-4533-8A8B-64C6188CC5DA}.Debug|Any CPU.Build.0 = Debug|Any CPU
		{EA1C097F-53C2-4533-8A8B-64C6188CC5DA}.Release|Any CPU.ActiveCfg = Release|Any CPU
		{EA1C097F-53C2-4533-8A8B-64C6188CC5DA}.Release|Any CPU.Build.0 = Release|Any CPU
		{9A44DDFC-48EE-483E-94FE-52CDC801709F}.Debug|Any CPU.ActiveCfg = Debug|Any CPU
		{9A44DDFC-48EE-483E-94FE-52CDC801709F}.Debug|Any CPU.Build.0 = Debug|Any CPU
		{9A44DDFC-48EE-483E-94FE-52CDC801709F}.Release|Any CPU.ActiveCfg = Release|Any CPU
		{9A44DDFC-48EE-483E-94FE-52CDC801709F}.Release|Any CPU.Build.0 = Release|Any CPU
		{8D5B6A64-CB2E-407D-B52C-D957D4BA8207}.Debug|Any CPU.ActiveCfg = Debug|Any CPU
		{8D5B6A64-CB2E-407D-B52C-D957D4BA8207}.Debug|Any CPU.Build.0 = Debug|Any CPU
		{8D5B6A64-CB2E-407D-B52C-D957D4BA8207}.Release|Any CPU.ActiveCfg = Release|Any CPU
		{8D5B6A64-CB2E-407D-B52C-D957D4BA8207}.Release|Any CPU.Build.0 = Release|Any CPU
		{121FF26C-1009-4A6A-90FD-B9CEC5FAB4BE}.Debug|Any CPU.ActiveCfg = Debug|Any CPU
		{121FF26C-1009-4A6A-90FD-B9CEC5FAB4BE}.Debug|Any CPU.Build.0 = Debug|Any CPU
		{121FF26C-1009-4A6A-90FD-B9CEC5FAB4BE}.Release|Any CPU.ActiveCfg = Release|Any CPU
		{121FF26C-1009-4A6A-90FD-B9CEC5FAB4BE}.Release|Any CPU.Build.0 = Release|Any CPU
		{EB394DE9-6959-4227-82B1-DEF9B6380B33}.Debug|Any CPU.ActiveCfg = Debug|Any CPU
		{EB394DE9-6959-4227-82B1-DEF9B6380B33}.Debug|Any CPU.Build.0 = Debug|Any CPU
		{EB394DE9-6959-4227-82B1-DEF9B6380B33}.Release|Any CPU.ActiveCfg = Release|Any CPU
		{EB394DE9-6959-4227-82B1-DEF9B6380B33}.Release|Any CPU.Build.0 = Release|Any CPU
		{0E539C03-BBB5-4B5E-9D3A-AA435BBDF15D}.Debug|Any CPU.ActiveCfg = Debug|Any CPU
		{0E539C03-BBB5-4B5E-9D3A-AA435BBDF15D}.Debug|Any CPU.Build.0 = Debug|Any CPU
		{0E539C03-BBB5-4B5E-9D3A-AA435BBDF15D}.Release|Any CPU.ActiveCfg = Release|Any CPU
		{0E539C03-BBB5-4B5E-9D3A-AA435BBDF15D}.Release|Any CPU.Build.0 = Release|Any CPU
		{76EFCDF5-7DF7-4E41-9BD7-7862E48EAF46}.Debug|Any CPU.ActiveCfg = Debug|Any CPU
		{76EFCDF5-7DF7-4E41-9BD7-7862E48EAF46}.Debug|Any CPU.Build.0 = Debug|Any CPU
		{76EFCDF5-7DF7-4E41-9BD7-7862E48EAF46}.Release|Any CPU.ActiveCfg = Release|Any CPU
		{76EFCDF5-7DF7-4E41-9BD7-7862E48EAF46}.Release|Any CPU.Build.0 = Release|Any CPU
		{3F5882C2-200D-47CD-94BD-FE418D217349}.Debug|Any CPU.ActiveCfg = Debug|Any CPU
		{3F5882C2-200D-47CD-94BD-FE418D217349}.Debug|Any CPU.Build.0 = Debug|Any CPU
		{3F5882C2-200D-47CD-94BD-FE418D217349}.Release|Any CPU.ActiveCfg = Release|Any CPU
		{3F5882C2-200D-47CD-94BD-FE418D217349}.Release|Any CPU.Build.0 = Release|Any CPU
		{BB342DFB-0DEA-4219-925D-D908623B88AB}.Debug|Any CPU.ActiveCfg = Debug|Any CPU
		{BB342DFB-0DEA-4219-925D-D908623B88AB}.Debug|Any CPU.Build.0 = Debug|Any CPU
		{BB342DFB-0DEA-4219-925D-D908623B88AB}.Release|Any CPU.ActiveCfg = Release|Any CPU
		{BB342DFB-0DEA-4219-925D-D908623B88AB}.Release|Any CPU.Build.0 = Release|Any CPU
		{B66CFEE7-7730-4BF3-9E19-EE04CA94F8A4}.Debug|Any CPU.ActiveCfg = Debug|Any CPU
		{B66CFEE7-7730-4BF3-9E19-EE04CA94F8A4}.Debug|Any CPU.Build.0 = Debug|Any CPU
		{B66CFEE7-7730-4BF3-9E19-EE04CA94F8A4}.Release|Any CPU.ActiveCfg = Release|Any CPU
		{B66CFEE7-7730-4BF3-9E19-EE04CA94F8A4}.Release|Any CPU.Build.0 = Release|Any CPU
		{3043AA9C-A3E5-4DF6-A3AE-9FFE0D6B6DE5}.Debug|Any CPU.ActiveCfg = Debug|Any CPU
		{3043AA9C-A3E5-4DF6-A3AE-9FFE0D6B6DE5}.Debug|Any CPU.Build.0 = Debug|Any CPU
		{3043AA9C-A3E5-4DF6-A3AE-9FFE0D6B6DE5}.Release|Any CPU.ActiveCfg = Release|Any CPU
		{3043AA9C-A3E5-4DF6-A3AE-9FFE0D6B6DE5}.Release|Any CPU.Build.0 = Release|Any CPU
		{FD647CCA-AB61-47BB-9799-7A196E74DD3E}.Debug|Any CPU.ActiveCfg = Debug|Any CPU
		{FD647CCA-AB61-47BB-9799-7A196E74DD3E}.Debug|Any CPU.Build.0 = Debug|Any CPU
		{FD647CCA-AB61-47BB-9799-7A196E74DD3E}.Release|Any CPU.ActiveCfg = Release|Any CPU
		{FD647CCA-AB61-47BB-9799-7A196E74DD3E}.Release|Any CPU.Build.0 = Release|Any CPU
		{CF52C346-DBE8-4AD8-8C07-707D394FB035}.Debug|Any CPU.ActiveCfg = Debug|Any CPU
		{CF52C346-DBE8-4AD8-8C07-707D394FB035}.Debug|Any CPU.Build.0 = Debug|Any CPU
		{CF52C346-DBE8-4AD8-8C07-707D394FB035}.Release|Any CPU.ActiveCfg = Release|Any CPU
		{CF52C346-DBE8-4AD8-8C07-707D394FB035}.Release|Any CPU.Build.0 = Release|Any CPU
		{F4EBBEEB-EF55-45A1-9A7E-77967DC72F6B}.Debug|Any CPU.ActiveCfg = Debug|Any CPU
		{F4EBBEEB-EF55-45A1-9A7E-77967DC72F6B}.Debug|Any CPU.Build.0 = Debug|Any CPU
		{F4EBBEEB-EF55-45A1-9A7E-77967DC72F6B}.Release|Any CPU.ActiveCfg = Release|Any CPU
		{F4EBBEEB-EF55-45A1-9A7E-77967DC72F6B}.Release|Any CPU.Build.0 = Release|Any CPU
		{54C49A70-9AAB-4AA3-91C9-2F8AA7B02F1E}.Debug|Any CPU.ActiveCfg = Debug|Any CPU
		{54C49A70-9AAB-4AA3-91C9-2F8AA7B02F1E}.Debug|Any CPU.Build.0 = Debug|Any CPU
		{54C49A70-9AAB-4AA3-91C9-2F8AA7B02F1E}.Release|Any CPU.ActiveCfg = Release|Any CPU
		{54C49A70-9AAB-4AA3-91C9-2F8AA7B02F1E}.Release|Any CPU.Build.0 = Release|Any CPU
		{FA355D2E-E5DB-488E-A63A-97313B60882C}.Debug|Any CPU.ActiveCfg = Debug|Any CPU
		{FA355D2E-E5DB-488E-A63A-97313B60882C}.Debug|Any CPU.Build.0 = Debug|Any CPU
		{FA355D2E-E5DB-488E-A63A-97313B60882C}.Release|Any CPU.ActiveCfg = Release|Any CPU
		{FA355D2E-E5DB-488E-A63A-97313B60882C}.Release|Any CPU.Build.0 = Release|Any CPU
		{1B9C61BD-7F39-4257-A8AE-E5AE72048E53}.Debug|Any CPU.ActiveCfg = Debug|Any CPU
		{1B9C61BD-7F39-4257-A8AE-E5AE72048E53}.Debug|Any CPU.Build.0 = Debug|Any CPU
		{1B9C61BD-7F39-4257-A8AE-E5AE72048E53}.Release|Any CPU.ActiveCfg = Release|Any CPU
		{1B9C61BD-7F39-4257-A8AE-E5AE72048E53}.Release|Any CPU.Build.0 = Release|Any CPU
		{D3873388-0F8A-4177-92AF-7C423A9E342A}.Debug|Any CPU.ActiveCfg = Debug|Any CPU
		{D3873388-0F8A-4177-92AF-7C423A9E342A}.Debug|Any CPU.Build.0 = Debug|Any CPU
		{D3873388-0F8A-4177-92AF-7C423A9E342A}.Release|Any CPU.ActiveCfg = Release|Any CPU
		{D3873388-0F8A-4177-92AF-7C423A9E342A}.Release|Any CPU.Build.0 = Release|Any CPU
		{50C10C6C-E764-4FA2-A41F-274A8CC0B353}.Debug|Any CPU.ActiveCfg = Debug|Any CPU
		{50C10C6C-E764-4FA2-A41F-274A8CC0B353}.Debug|Any CPU.Build.0 = Debug|Any CPU
		{50C10C6C-E764-4FA2-A41F-274A8CC0B353}.Release|Any CPU.ActiveCfg = Release|Any CPU
		{50C10C6C-E764-4FA2-A41F-274A8CC0B353}.Release|Any CPU.Build.0 = Release|Any CPU
		{2DFA2797-D4AB-4A29-BEDD-FBE4C9782480}.Debug|Any CPU.ActiveCfg = Debug|Any CPU
		{2DFA2797-D4AB-4A29-BEDD-FBE4C9782480}.Debug|Any CPU.Build.0 = Debug|Any CPU
		{2DFA2797-D4AB-4A29-BEDD-FBE4C9782480}.Release|Any CPU.ActiveCfg = Release|Any CPU
		{2DFA2797-D4AB-4A29-BEDD-FBE4C9782480}.Release|Any CPU.Build.0 = Release|Any CPU
		{D2194190-1A66-4695-A5BE-3F485407E89B}.Debug|Any CPU.ActiveCfg = Debug|Any CPU
		{D2194190-1A66-4695-A5BE-3F485407E89B}.Debug|Any CPU.Build.0 = Debug|Any CPU
		{D2194190-1A66-4695-A5BE-3F485407E89B}.Release|Any CPU.ActiveCfg = Release|Any CPU
		{D2194190-1A66-4695-A5BE-3F485407E89B}.Release|Any CPU.Build.0 = Release|Any CPU
		{9238B671-9211-4597-98AB-7A8AB62CC5B6}.Debug|Any CPU.ActiveCfg = Debug|Any CPU
		{9238B671-9211-4597-98AB-7A8AB62CC5B6}.Debug|Any CPU.Build.0 = Debug|Any CPU
		{9238B671-9211-4597-98AB-7A8AB62CC5B6}.Release|Any CPU.ActiveCfg = Release|Any CPU
		{9238B671-9211-4597-98AB-7A8AB62CC5B6}.Release|Any CPU.Build.0 = Release|Any CPU
		{517B4DE1-F679-4581-9318-C7612996A24F}.Debug|Any CPU.ActiveCfg = Debug|Any CPU
		{517B4DE1-F679-4581-9318-C7612996A24F}.Debug|Any CPU.Build.0 = Debug|Any CPU
		{517B4DE1-F679-4581-9318-C7612996A24F}.Release|Any CPU.ActiveCfg = Release|Any CPU
		{517B4DE1-F679-4581-9318-C7612996A24F}.Release|Any CPU.Build.0 = Release|Any CPU
		{3A1B76D1-5389-4826-B232-FBE157A2B6B1}.Debug|Any CPU.ActiveCfg = Debug|Any CPU
		{3A1B76D1-5389-4826-B232-FBE157A2B6B1}.Debug|Any CPU.Build.0 = Debug|Any CPU
		{3A1B76D1-5389-4826-B232-FBE157A2B6B1}.Release|Any CPU.ActiveCfg = Release|Any CPU
		{3A1B76D1-5389-4826-B232-FBE157A2B6B1}.Release|Any CPU.Build.0 = Release|Any CPU
		{AACB36FE-1D62-42A8-B398-2DA38174293F}.Debug|Any CPU.ActiveCfg = Debug|Any CPU
		{AACB36FE-1D62-42A8-B398-2DA38174293F}.Debug|Any CPU.Build.0 = Debug|Any CPU
		{AACB36FE-1D62-42A8-B398-2DA38174293F}.Release|Any CPU.ActiveCfg = Release|Any CPU
		{AACB36FE-1D62-42A8-B398-2DA38174293F}.Release|Any CPU.Build.0 = Release|Any CPU
		{4C0FC4F6-C327-482F-A786-4CB7CDC22C93}.Debug|Any CPU.ActiveCfg = Debug|Any CPU
		{4C0FC4F6-C327-482F-A786-4CB7CDC22C93}.Debug|Any CPU.Build.0 = Debug|Any CPU
		{4C0FC4F6-C327-482F-A786-4CB7CDC22C93}.Release|Any CPU.ActiveCfg = Release|Any CPU
		{4C0FC4F6-C327-482F-A786-4CB7CDC22C93}.Release|Any CPU.Build.0 = Release|Any CPU
		{F26D6775-5E88-4554-AA61-B6AE09D2CC2B}.Debug|Any CPU.ActiveCfg = Debug|Any CPU
		{F26D6775-5E88-4554-AA61-B6AE09D2CC2B}.Debug|Any CPU.Build.0 = Debug|Any CPU
		{F26D6775-5E88-4554-AA61-B6AE09D2CC2B}.Release|Any CPU.ActiveCfg = Release|Any CPU
		{F26D6775-5E88-4554-AA61-B6AE09D2CC2B}.Release|Any CPU.Build.0 = Release|Any CPU
		{04683136-048B-4CA0-8E40-D603305DC620}.Debug|Any CPU.ActiveCfg = Debug|Any CPU
		{04683136-048B-4CA0-8E40-D603305DC620}.Debug|Any CPU.Build.0 = Debug|Any CPU
		{04683136-048B-4CA0-8E40-D603305DC620}.Release|Any CPU.ActiveCfg = Release|Any CPU
		{04683136-048B-4CA0-8E40-D603305DC620}.Release|Any CPU.Build.0 = Release|Any CPU
		{F709A1A4-B88F-429C-B3A6-8E6C7C50AEBE}.Debug|Any CPU.ActiveCfg = Debug|Any CPU
		{F709A1A4-B88F-429C-B3A6-8E6C7C50AEBE}.Debug|Any CPU.Build.0 = Debug|Any CPU
		{F709A1A4-B88F-429C-B3A6-8E6C7C50AEBE}.Release|Any CPU.ActiveCfg = Release|Any CPU
		{F709A1A4-B88F-429C-B3A6-8E6C7C50AEBE}.Release|Any CPU.Build.0 = Release|Any CPU
		{BD846B7E-46B7-404A-A52D-6B76C2D4BACD}.Debug|Any CPU.ActiveCfg = Debug|Any CPU
		{BD846B7E-46B7-404A-A52D-6B76C2D4BACD}.Debug|Any CPU.Build.0 = Debug|Any CPU
		{BD846B7E-46B7-404A-A52D-6B76C2D4BACD}.Release|Any CPU.ActiveCfg = Release|Any CPU
		{BD846B7E-46B7-404A-A52D-6B76C2D4BACD}.Release|Any CPU.Build.0 = Release|Any CPU
		{8EE41DC4-CA5D-4696-8AD2-674DEBC22D3D}.Debug|Any CPU.ActiveCfg = Debug|Any CPU
		{8EE41DC4-CA5D-4696-8AD2-674DEBC22D3D}.Debug|Any CPU.Build.0 = Debug|Any CPU
		{8EE41DC4-CA5D-4696-8AD2-674DEBC22D3D}.Release|Any CPU.ActiveCfg = Release|Any CPU
		{8EE41DC4-CA5D-4696-8AD2-674DEBC22D3D}.Release|Any CPU.Build.0 = Release|Any CPU
		{8A8DFBE2-527F-42A1-B129-67047A62ABE2}.Debug|Any CPU.ActiveCfg = Debug|Any CPU
		{8A8DFBE2-527F-42A1-B129-67047A62ABE2}.Debug|Any CPU.Build.0 = Debug|Any CPU
		{8A8DFBE2-527F-42A1-B129-67047A62ABE2}.Release|Any CPU.ActiveCfg = Release|Any CPU
		{8A8DFBE2-527F-42A1-B129-67047A62ABE2}.Release|Any CPU.Build.0 = Release|Any CPU
		{3897CED7-2E2D-4703-BE7A-1DA582207E2C}.Debug|Any CPU.ActiveCfg = Debug|Any CPU
		{3897CED7-2E2D-4703-BE7A-1DA582207E2C}.Debug|Any CPU.Build.0 = Debug|Any CPU
		{3897CED7-2E2D-4703-BE7A-1DA582207E2C}.Release|Any CPU.ActiveCfg = Release|Any CPU
		{3897CED7-2E2D-4703-BE7A-1DA582207E2C}.Release|Any CPU.Build.0 = Release|Any CPU
		{D3FC40CA-838A-41B6-8B14-FFF5E40C5F8A}.Debug|Any CPU.ActiveCfg = Debug|Any CPU
		{D3FC40CA-838A-41B6-8B14-FFF5E40C5F8A}.Debug|Any CPU.Build.0 = Debug|Any CPU
		{D3FC40CA-838A-41B6-8B14-FFF5E40C5F8A}.Release|Any CPU.ActiveCfg = Release|Any CPU
		{D3FC40CA-838A-41B6-8B14-FFF5E40C5F8A}.Release|Any CPU.Build.0 = Release|Any CPU
		{06577E9D-6C54-4BBA-8283-C91F980AD0B3}.Debug|Any CPU.ActiveCfg = Debug|Any CPU
		{06577E9D-6C54-4BBA-8283-C91F980AD0B3}.Debug|Any CPU.Build.0 = Debug|Any CPU
		{06577E9D-6C54-4BBA-8283-C91F980AD0B3}.Release|Any CPU.ActiveCfg = Release|Any CPU
		{06577E9D-6C54-4BBA-8283-C91F980AD0B3}.Release|Any CPU.Build.0 = Release|Any CPU
		{8900BECC-3BAA-4C4D-8F38-CE94254FA411}.Debug|Any CPU.ActiveCfg = Debug|Any CPU
		{8900BECC-3BAA-4C4D-8F38-CE94254FA411}.Debug|Any CPU.Build.0 = Debug|Any CPU
		{8900BECC-3BAA-4C4D-8F38-CE94254FA411}.Release|Any CPU.ActiveCfg = Release|Any CPU
		{8900BECC-3BAA-4C4D-8F38-CE94254FA411}.Release|Any CPU.Build.0 = Release|Any CPU
		{6998221B-2E92-4954-8778-A2C568A74C92}.Debug|Any CPU.ActiveCfg = Debug|Any CPU
		{6998221B-2E92-4954-8778-A2C568A74C92}.Debug|Any CPU.Build.0 = Debug|Any CPU
		{6998221B-2E92-4954-8778-A2C568A74C92}.Release|Any CPU.ActiveCfg = Release|Any CPU
		{6998221B-2E92-4954-8778-A2C568A74C92}.Release|Any CPU.Build.0 = Release|Any CPU
		{0765E2C8-B2D9-4F95-8AC6-9925DBEC096A}.Debug|Any CPU.ActiveCfg = Debug|Any CPU
		{0765E2C8-B2D9-4F95-8AC6-9925DBEC096A}.Debug|Any CPU.Build.0 = Debug|Any CPU
		{0765E2C8-B2D9-4F95-8AC6-9925DBEC096A}.Release|Any CPU.ActiveCfg = Release|Any CPU
		{0765E2C8-B2D9-4F95-8AC6-9925DBEC096A}.Release|Any CPU.Build.0 = Release|Any CPU
		{2B067532-2318-4C65-BD08-C8BDD9310BBC}.Debug|Any CPU.ActiveCfg = Debug|Any CPU
		{2B067532-2318-4C65-BD08-C8BDD9310BBC}.Debug|Any CPU.Build.0 = Debug|Any CPU
		{2B067532-2318-4C65-BD08-C8BDD9310BBC}.Release|Any CPU.ActiveCfg = Release|Any CPU
		{2B067532-2318-4C65-BD08-C8BDD9310BBC}.Release|Any CPU.Build.0 = Release|Any CPU
		{24644998-E02A-4081-A6B0-CB6CD30C4B3F}.Debug|Any CPU.ActiveCfg = Debug|Any CPU
		{24644998-E02A-4081-A6B0-CB6CD30C4B3F}.Debug|Any CPU.Build.0 = Debug|Any CPU
		{24644998-E02A-4081-A6B0-CB6CD30C4B3F}.Release|Any CPU.ActiveCfg = Release|Any CPU
		{24644998-E02A-4081-A6B0-CB6CD30C4B3F}.Release|Any CPU.Build.0 = Release|Any CPU
		{0C098597-0235-483A-B7ED-3D2C01D4E31D}.Debug|Any CPU.ActiveCfg = Debug|Any CPU
		{0C098597-0235-483A-B7ED-3D2C01D4E31D}.Debug|Any CPU.Build.0 = Debug|Any CPU
		{0C098597-0235-483A-B7ED-3D2C01D4E31D}.Release|Any CPU.ActiveCfg = Release|Any CPU
		{0C098597-0235-483A-B7ED-3D2C01D4E31D}.Release|Any CPU.Build.0 = Release|Any CPU
		{8DAE1447-0759-4D39-A71B-50545BF0CAE3}.Debug|Any CPU.ActiveCfg = Debug|Any CPU
		{8DAE1447-0759-4D39-A71B-50545BF0CAE3}.Debug|Any CPU.Build.0 = Debug|Any CPU
		{8DAE1447-0759-4D39-A71B-50545BF0CAE3}.Release|Any CPU.ActiveCfg = Release|Any CPU
		{8DAE1447-0759-4D39-A71B-50545BF0CAE3}.Release|Any CPU.Build.0 = Release|Any CPU
		{151C7F1B-CD5E-4434-8CCE-BEFBB09701F5}.Debug|Any CPU.ActiveCfg = Debug|Any CPU
		{151C7F1B-CD5E-4434-8CCE-BEFBB09701F5}.Debug|Any CPU.Build.0 = Debug|Any CPU
		{151C7F1B-CD5E-4434-8CCE-BEFBB09701F5}.Release|Any CPU.ActiveCfg = Release|Any CPU
		{151C7F1B-CD5E-4434-8CCE-BEFBB09701F5}.Release|Any CPU.Build.0 = Release|Any CPU
		{F5F5B805-572F-4821-9D35-18BF343958B7}.Debug|Any CPU.ActiveCfg = Debug|Any CPU
		{F5F5B805-572F-4821-9D35-18BF343958B7}.Debug|Any CPU.Build.0 = Debug|Any CPU
		{F5F5B805-572F-4821-9D35-18BF343958B7}.Release|Any CPU.ActiveCfg = Release|Any CPU
		{F5F5B805-572F-4821-9D35-18BF343958B7}.Release|Any CPU.Build.0 = Release|Any CPU
		{592DEFD6-65E5-4AC0-AEDA-4A7C9CE8963A}.Debug|Any CPU.ActiveCfg = Debug|Any CPU
		{592DEFD6-65E5-4AC0-AEDA-4A7C9CE8963A}.Debug|Any CPU.Build.0 = Debug|Any CPU
		{592DEFD6-65E5-4AC0-AEDA-4A7C9CE8963A}.Release|Any CPU.ActiveCfg = Release|Any CPU
		{592DEFD6-65E5-4AC0-AEDA-4A7C9CE8963A}.Release|Any CPU.Build.0 = Release|Any CPU
		{36FFCC65-8898-4682-BE39-0564B263DE87}.Debug|Any CPU.ActiveCfg = Debug|Any CPU
		{36FFCC65-8898-4682-BE39-0564B263DE87}.Debug|Any CPU.Build.0 = Debug|Any CPU
		{36FFCC65-8898-4682-BE39-0564B263DE87}.Release|Any CPU.ActiveCfg = Release|Any CPU
		{36FFCC65-8898-4682-BE39-0564B263DE87}.Release|Any CPU.Build.0 = Release|Any CPU
		{8FB0260F-7F53-4BA6-9FC9-B2AE42EF598C}.Debug|Any CPU.ActiveCfg = Debug|Any CPU
		{8FB0260F-7F53-4BA6-9FC9-B2AE42EF598C}.Debug|Any CPU.Build.0 = Debug|Any CPU
		{8FB0260F-7F53-4BA6-9FC9-B2AE42EF598C}.Release|Any CPU.ActiveCfg = Release|Any CPU
		{8FB0260F-7F53-4BA6-9FC9-B2AE42EF598C}.Release|Any CPU.Build.0 = Release|Any CPU
		{4FF8CA9D-67D4-4C59-903C-C75E57153AC0}.Debug|Any CPU.ActiveCfg = Debug|Any CPU
		{4FF8CA9D-67D4-4C59-903C-C75E57153AC0}.Debug|Any CPU.Build.0 = Debug|Any CPU
		{4FF8CA9D-67D4-4C59-903C-C75E57153AC0}.Release|Any CPU.ActiveCfg = Release|Any CPU
		{4FF8CA9D-67D4-4C59-903C-C75E57153AC0}.Release|Any CPU.Build.0 = Release|Any CPU
		{3FEC308C-B395-4193-8EB8-90E3F50407C2}.Debug|Any CPU.ActiveCfg = Debug|Any CPU
		{3FEC308C-B395-4193-8EB8-90E3F50407C2}.Debug|Any CPU.Build.0 = Debug|Any CPU
		{3FEC308C-B395-4193-8EB8-90E3F50407C2}.Release|Any CPU.ActiveCfg = Release|Any CPU
		{3FEC308C-B395-4193-8EB8-90E3F50407C2}.Release|Any CPU.Build.0 = Release|Any CPU
		{194B2EFD-82E6-4CDC-BE4F-3E8F0F63221F}.Debug|Any CPU.ActiveCfg = Debug|Any CPU
		{194B2EFD-82E6-4CDC-BE4F-3E8F0F63221F}.Debug|Any CPU.Build.0 = Debug|Any CPU
		{194B2EFD-82E6-4CDC-BE4F-3E8F0F63221F}.Release|Any CPU.ActiveCfg = Release|Any CPU
		{194B2EFD-82E6-4CDC-BE4F-3E8F0F63221F}.Release|Any CPU.Build.0 = Release|Any CPU
		{1E22163C-277C-4D2E-8B0D-15FC036A8E41}.Debug|Any CPU.ActiveCfg = Debug|Any CPU
		{1E22163C-277C-4D2E-8B0D-15FC036A8E41}.Debug|Any CPU.Build.0 = Debug|Any CPU
		{1E22163C-277C-4D2E-8B0D-15FC036A8E41}.Release|Any CPU.ActiveCfg = Release|Any CPU
		{1E22163C-277C-4D2E-8B0D-15FC036A8E41}.Release|Any CPU.Build.0 = Release|Any CPU
		{F2D6A651-8F53-40C0-9A61-B9EFD9E8A98A}.Debug|Any CPU.ActiveCfg = Debug|Any CPU
		{F2D6A651-8F53-40C0-9A61-B9EFD9E8A98A}.Debug|Any CPU.Build.0 = Debug|Any CPU
		{F2D6A651-8F53-40C0-9A61-B9EFD9E8A98A}.Release|Any CPU.ActiveCfg = Release|Any CPU
		{F2D6A651-8F53-40C0-9A61-B9EFD9E8A98A}.Release|Any CPU.Build.0 = Release|Any CPU
		{6502E9C4-0D66-4AB2-B859-AD6D1B2C7F6B}.Debug|Any CPU.ActiveCfg = Debug|Any CPU
		{6502E9C4-0D66-4AB2-B859-AD6D1B2C7F6B}.Debug|Any CPU.Build.0 = Debug|Any CPU
		{6502E9C4-0D66-4AB2-B859-AD6D1B2C7F6B}.Release|Any CPU.ActiveCfg = Release|Any CPU
		{6502E9C4-0D66-4AB2-B859-AD6D1B2C7F6B}.Release|Any CPU.Build.0 = Release|Any CPU
		{FCB0F298-FB7C-44C9-A092-B5B56ACA8CAB}.Debug|Any CPU.ActiveCfg = Debug|Any CPU
		{FCB0F298-FB7C-44C9-A092-B5B56ACA8CAB}.Debug|Any CPU.Build.0 = Debug|Any CPU
		{FCB0F298-FB7C-44C9-A092-B5B56ACA8CAB}.Release|Any CPU.ActiveCfg = Release|Any CPU
		{FCB0F298-FB7C-44C9-A092-B5B56ACA8CAB}.Release|Any CPU.Build.0 = Release|Any CPU
		{BCB10645-4187-4EFA-A60A-64404B03186F}.Debug|Any CPU.ActiveCfg = Debug|Any CPU
		{BCB10645-4187-4EFA-A60A-64404B03186F}.Debug|Any CPU.Build.0 = Debug|Any CPU
		{BCB10645-4187-4EFA-A60A-64404B03186F}.Release|Any CPU.ActiveCfg = Release|Any CPU
		{BCB10645-4187-4EFA-A60A-64404B03186F}.Release|Any CPU.Build.0 = Release|Any CPU
		{169419AC-40FC-4EF8-BD39-5B10E1546788}.Debug|Any CPU.ActiveCfg = Debug|Any CPU
		{169419AC-40FC-4EF8-BD39-5B10E1546788}.Debug|Any CPU.Build.0 = Debug|Any CPU
		{169419AC-40FC-4EF8-BD39-5B10E1546788}.Release|Any CPU.ActiveCfg = Release|Any CPU
		{169419AC-40FC-4EF8-BD39-5B10E1546788}.Release|Any CPU.Build.0 = Release|Any CPU
		{5125B10C-CAB9-44E2-9000-F087596EB186}.Debug|Any CPU.ActiveCfg = Debug|Any CPU
		{5125B10C-CAB9-44E2-9000-F087596EB186}.Debug|Any CPU.Build.0 = Debug|Any CPU
		{5125B10C-CAB9-44E2-9000-F087596EB186}.Release|Any CPU.ActiveCfg = Release|Any CPU
		{5125B10C-CAB9-44E2-9000-F087596EB186}.Release|Any CPU.Build.0 = Release|Any CPU
		{220CC86E-2F6D-4889-A161-6FC06C168985}.Debug|Any CPU.ActiveCfg = Debug|Any CPU
		{220CC86E-2F6D-4889-A161-6FC06C168985}.Debug|Any CPU.Build.0 = Debug|Any CPU
		{220CC86E-2F6D-4889-A161-6FC06C168985}.Release|Any CPU.ActiveCfg = Release|Any CPU
		{220CC86E-2F6D-4889-A161-6FC06C168985}.Release|Any CPU.Build.0 = Release|Any CPU
		{DBB60946-A9C7-4BBB-8B30-6E98A620B7C9}.Debug|Any CPU.ActiveCfg = Debug|Any CPU
		{DBB60946-A9C7-4BBB-8B30-6E98A620B7C9}.Debug|Any CPU.Build.0 = Debug|Any CPU
		{DBB60946-A9C7-4BBB-8B30-6E98A620B7C9}.Release|Any CPU.ActiveCfg = Release|Any CPU
		{DBB60946-A9C7-4BBB-8B30-6E98A620B7C9}.Release|Any CPU.Build.0 = Release|Any CPU
		{A687EAF8-0B71-498A-9EAB-076C8A3945E4}.Debug|Any CPU.ActiveCfg = Debug|Any CPU
		{A687EAF8-0B71-498A-9EAB-076C8A3945E4}.Debug|Any CPU.Build.0 = Debug|Any CPU
		{A687EAF8-0B71-498A-9EAB-076C8A3945E4}.Release|Any CPU.ActiveCfg = Release|Any CPU
		{A687EAF8-0B71-498A-9EAB-076C8A3945E4}.Release|Any CPU.Build.0 = Release|Any CPU
		{F75D2A21-17E1-4D20-9DAA-9D9DBB2089C8}.Debug|Any CPU.ActiveCfg = Debug|Any CPU
		{F75D2A21-17E1-4D20-9DAA-9D9DBB2089C8}.Debug|Any CPU.Build.0 = Debug|Any CPU
		{F75D2A21-17E1-4D20-9DAA-9D9DBB2089C8}.Release|Any CPU.ActiveCfg = Release|Any CPU
		{F75D2A21-17E1-4D20-9DAA-9D9DBB2089C8}.Release|Any CPU.Build.0 = Release|Any CPU
		{0F443284-AF14-4717-880D-C75FFA98EECB}.Debug|Any CPU.ActiveCfg = Debug|Any CPU
		{0F443284-AF14-4717-880D-C75FFA98EECB}.Debug|Any CPU.Build.0 = Debug|Any CPU
		{0F443284-AF14-4717-880D-C75FFA98EECB}.Release|Any CPU.ActiveCfg = Release|Any CPU
		{0F443284-AF14-4717-880D-C75FFA98EECB}.Release|Any CPU.Build.0 = Release|Any CPU
	EndGlobalSection
	GlobalSection(SolutionProperties) = preSolution
		HideSolutionNode = FALSE
	EndGlobalSection
	GlobalSection(NestedProjects) = preSolution
		{5AA4BE04-6AB3-4ACB-A5C7-2B399ED85AB1} = {5C268757-C28D-4B3D-BC42-1D7440BD49F5}
		{5AAAD360-E2F3-4ECC-83CF-BE5DC3C87A01} = {5C268757-C28D-4B3D-BC42-1D7440BD49F5}
		{3C6F90F4-8084-4C11-B0D0-1D8670287C3D} = {5C268757-C28D-4B3D-BC42-1D7440BD49F5}
		{527ED8A3-FEA6-4711-A85D-4DC26705A966} = {5C268757-C28D-4B3D-BC42-1D7440BD49F5}
		{C689E27D-A5EB-4EFD-86F5-56A45317C20D} = {5C268757-C28D-4B3D-BC42-1D7440BD49F5}
		{C379FE59-A12C-4802-9696-5035737C5F87} = {5C268757-C28D-4B3D-BC42-1D7440BD49F5}
		{2B819B9D-17CA-4628-9572-19C08F861AD9} = {5D3F7972-C482-4906-A06D-B5F6E6308118}
		{3E64466A-6AC7-4D1C-A3E2-29B1B4B87090} = {5C268757-C28D-4B3D-BC42-1D7440BD49F5}
		{147F2315-2420-4C16-BF25-D0368A17A527} = {5D3F7972-C482-4906-A06D-B5F6E6308118}
		{58E8F319-10EF-4509-98FE-E8E1B1112BE1} = {5D3F7972-C482-4906-A06D-B5F6E6308118}
		{EA1C097F-53C2-4533-8A8B-64C6188CC5DA} = {5D3F7972-C482-4906-A06D-B5F6E6308118}
		{9A44DDFC-48EE-483E-94FE-52CDC801709F} = {5D3F7972-C482-4906-A06D-B5F6E6308118}
		{8D5B6A64-CB2E-407D-B52C-D957D4BA8207} = {5D3F7972-C482-4906-A06D-B5F6E6308118}
		{121FF26C-1009-4A6A-90FD-B9CEC5FAB4BE} = {5D3F7972-C482-4906-A06D-B5F6E6308118}
		{EB394DE9-6959-4227-82B1-DEF9B6380B33} = {5D3F7972-C482-4906-A06D-B5F6E6308118}
		{0E539C03-BBB5-4B5E-9D3A-AA435BBDF15D} = {5D3F7972-C482-4906-A06D-B5F6E6308118}
		{76EFCDF5-7DF7-4E41-9BD7-7862E48EAF46} = {5D3F7972-C482-4906-A06D-B5F6E6308118}
		{3F5882C2-200D-47CD-94BD-FE418D217349} = {5D3F7972-C482-4906-A06D-B5F6E6308118}
		{BB342DFB-0DEA-4219-925D-D908623B88AB} = {5D3F7972-C482-4906-A06D-B5F6E6308118}
		{B66CFEE7-7730-4BF3-9E19-EE04CA94F8A4} = {5D3F7972-C482-4906-A06D-B5F6E6308118}
		{3043AA9C-A3E5-4DF6-A3AE-9FFE0D6B6DE5} = {5D3F7972-C482-4906-A06D-B5F6E6308118}
		{FD647CCA-AB61-47BB-9799-7A196E74DD3E} = {5D3F7972-C482-4906-A06D-B5F6E6308118}
		{CF52C346-DBE8-4AD8-8C07-707D394FB035} = {5D3F7972-C482-4906-A06D-B5F6E6308118}
		{F4EBBEEB-EF55-45A1-9A7E-77967DC72F6B} = {5D3F7972-C482-4906-A06D-B5F6E6308118}
		{54C49A70-9AAB-4AA3-91C9-2F8AA7B02F1E} = {5D3F7972-C482-4906-A06D-B5F6E6308118}
		{FA355D2E-E5DB-488E-A63A-97313B60882C} = {5D3F7972-C482-4906-A06D-B5F6E6308118}
		{1B9C61BD-7F39-4257-A8AE-E5AE72048E53} = {5D3F7972-C482-4906-A06D-B5F6E6308118}
		{D3873388-0F8A-4177-92AF-7C423A9E342A} = {5D3F7972-C482-4906-A06D-B5F6E6308118}
		{50C10C6C-E764-4FA2-A41F-274A8CC0B353} = {5D3F7972-C482-4906-A06D-B5F6E6308118}
		{2DFA2797-D4AB-4A29-BEDD-FBE4C9782480} = {5D3F7972-C482-4906-A06D-B5F6E6308118}
		{D2194190-1A66-4695-A5BE-3F485407E89B} = {5D3F7972-C482-4906-A06D-B5F6E6308118}
		{9238B671-9211-4597-98AB-7A8AB62CC5B6} = {5D3F7972-C482-4906-A06D-B5F6E6308118}
		{517B4DE1-F679-4581-9318-C7612996A24F} = {5D3F7972-C482-4906-A06D-B5F6E6308118}
		{3A1B76D1-5389-4826-B232-FBE157A2B6B1} = {5D3F7972-C482-4906-A06D-B5F6E6308118}
		{AACB36FE-1D62-42A8-B398-2DA38174293F} = {5D3F7972-C482-4906-A06D-B5F6E6308118}
		{4C0FC4F6-C327-482F-A786-4CB7CDC22C93} = {5D3F7972-C482-4906-A06D-B5F6E6308118}
		{F26D6775-5E88-4554-AA61-B6AE09D2CC2B} = {5D3F7972-C482-4906-A06D-B5F6E6308118}
		{04683136-048B-4CA0-8E40-D603305DC620} = {5D3F7972-C482-4906-A06D-B5F6E6308118}
		{F709A1A4-B88F-429C-B3A6-8E6C7C50AEBE} = {5D3F7972-C482-4906-A06D-B5F6E6308118}
		{BD846B7E-46B7-404A-A52D-6B76C2D4BACD} = {5D3F7972-C482-4906-A06D-B5F6E6308118}
		{8EE41DC4-CA5D-4696-8AD2-674DEBC22D3D} = {5D3F7972-C482-4906-A06D-B5F6E6308118}
		{8A8DFBE2-527F-42A1-B129-67047A62ABE2} = {5D3F7972-C482-4906-A06D-B5F6E6308118}
		{3897CED7-2E2D-4703-BE7A-1DA582207E2C} = {5D3F7972-C482-4906-A06D-B5F6E6308118}
		{D3FC40CA-838A-41B6-8B14-FFF5E40C5F8A} = {5D3F7972-C482-4906-A06D-B5F6E6308118}
		{06577E9D-6C54-4BBA-8283-C91F980AD0B3} = {5D3F7972-C482-4906-A06D-B5F6E6308118}
		{8900BECC-3BAA-4C4D-8F38-CE94254FA411} = {5D3F7972-C482-4906-A06D-B5F6E6308118}
		{6998221B-2E92-4954-8778-A2C568A74C92} = {5D3F7972-C482-4906-A06D-B5F6E6308118}
		{0765E2C8-B2D9-4F95-8AC6-9925DBEC096A} = {5D3F7972-C482-4906-A06D-B5F6E6308118}
		{2B067532-2318-4C65-BD08-C8BDD9310BBC} = {5D3F7972-C482-4906-A06D-B5F6E6308118}
		{24644998-E02A-4081-A6B0-CB6CD30C4B3F} = {5D3F7972-C482-4906-A06D-B5F6E6308118}
		{0C098597-0235-483A-B7ED-3D2C01D4E31D} = {5D3F7972-C482-4906-A06D-B5F6E6308118}
		{8DAE1447-0759-4D39-A71B-50545BF0CAE3} = {5D3F7972-C482-4906-A06D-B5F6E6308118}
		{151C7F1B-CD5E-4434-8CCE-BEFBB09701F5} = {5D3F7972-C482-4906-A06D-B5F6E6308118}
		{F5F5B805-572F-4821-9D35-18BF343958B7} = {5D3F7972-C482-4906-A06D-B5F6E6308118}
		{592DEFD6-65E5-4AC0-AEDA-4A7C9CE8963A} = {D3F384FC-00F0-4BA8-8D5F-E206CFD8ED7A}
		{36FFCC65-8898-4682-BE39-0564B263DE87} = {D3F384FC-00F0-4BA8-8D5F-E206CFD8ED7A}
		{8FB0260F-7F53-4BA6-9FC9-B2AE42EF598C} = {D3F384FC-00F0-4BA8-8D5F-E206CFD8ED7A}
		{4FF8CA9D-67D4-4C59-903C-C75E57153AC0} = {D3F384FC-00F0-4BA8-8D5F-E206CFD8ED7A}
		{3FEC308C-B395-4193-8EB8-90E3F50407C2} = {D3F384FC-00F0-4BA8-8D5F-E206CFD8ED7A}
		{194B2EFD-82E6-4CDC-BE4F-3E8F0F63221F} = {D3F384FC-00F0-4BA8-8D5F-E206CFD8ED7A}
		{1E22163C-277C-4D2E-8B0D-15FC036A8E41} = {D3F384FC-00F0-4BA8-8D5F-E206CFD8ED7A}
		{F2D6A651-8F53-40C0-9A61-B9EFD9E8A98A} = {D3F384FC-00F0-4BA8-8D5F-E206CFD8ED7A}
		{6502E9C4-0D66-4AB2-B859-AD6D1B2C7F6B} = {D3F384FC-00F0-4BA8-8D5F-E206CFD8ED7A}
		{FCB0F298-FB7C-44C9-A092-B5B56ACA8CAB} = {D3F384FC-00F0-4BA8-8D5F-E206CFD8ED7A}
		{BCB10645-4187-4EFA-A60A-64404B03186F} = {D3F384FC-00F0-4BA8-8D5F-E206CFD8ED7A}
		{169419AC-40FC-4EF8-BD39-5B10E1546788} = {D3F384FC-00F0-4BA8-8D5F-E206CFD8ED7A}
		{5125B10C-CAB9-44E2-9000-F087596EB186} = {D3F384FC-00F0-4BA8-8D5F-E206CFD8ED7A}
		{220CC86E-2F6D-4889-A161-6FC06C168985} = {D3F384FC-00F0-4BA8-8D5F-E206CFD8ED7A}
		{DBB60946-A9C7-4BBB-8B30-6E98A620B7C9} = {D3F384FC-00F0-4BA8-8D5F-E206CFD8ED7A}
		{A687EAF8-0B71-498A-9EAB-076C8A3945E4} = {D3F384FC-00F0-4BA8-8D5F-E206CFD8ED7A}
		{F75D2A21-17E1-4D20-9DAA-9D9DBB2089C8} = {D3F384FC-00F0-4BA8-8D5F-E206CFD8ED7A}
		{0F443284-AF14-4717-880D-C75FFA98EECB} = {D3F384FC-00F0-4BA8-8D5F-E206CFD8ED7A}
	EndGlobalSection
EndGlobal
