
Microsoft Visual Studio Solution File, Format Version 12.00
# Visual Studio Version 18
VisualStudioVersion = 18.3.11520.95
MinimumVisualStudioVersion = 10.0.40219.1
Project("{2150E333-8FDC-42A3-9474-1A3956D46DE8}") = "CSharpEssential", "CSharpEssential", "{5D3F7972-C482-4906-A06D-B5F6E6308118}"
EndProject
Project("{2150E333-8FDC-42A3-9474-1A3956D46DE8}") = "MiniExcel", "MiniExcel", "{5C268757-C28D-4B3D-BC42-1D7440BD49F5}"
EndProject
Project("{FAE04EC0-301F-11D3-BF4B-00C04F79EFBC}") = "UseCase_GetSheetNames", "MiniExcel\UseCase_GetSheetNames\UseCase_GetSheetNames.csproj", "{5AA4BE04-6AB3-4ACB-A5C7-2B399ED85AB1}"
EndProject
Project("{FAE04EC0-301F-11D3-BF4B-00C04F79EFBC}") = "UseCase_Query", "MiniExcel\UseCase_Query\UseCase_Query.csproj", "{5AAAD360-E2F3-4ECC-83CF-BE5DC3C87A01}"
EndProject
Project("{FAE04EC0-301F-11D3-BF4B-00C04F79EFBC}") = "UseCase_GetColumns", "MiniExcel\UseCase_GetColumns\UseCase_GetColumns.csproj", "{3C6F90F4-8084-4C11-B0D0-1D8670287C3D}"
EndProject
Project("{FAE04EC0-301F-11D3-BF4B-00C04F79EFBC}") = "UseCase_QueryRange", "MiniExcel\UseCase_QueryRange\UseCase_QueryRange.csproj", "{527ED8A3-FEA6-4711-A85D-4DC26705A966}"
EndProject
Project("{FAE04EC0-301F-11D3-BF4B-00C04F79EFBC}") = "UseCase_QueryAsDataTable", "MiniExcel\UseCase_QueryAsDataTable\UseCase_QueryAsDataTable.csproj", "{C689E27D-A5EB-4EFD-86F5-56A45317C20D}"
EndProject
Project("{FAE04EC0-301F-11D3-BF4B-00C04F79EFBC}") = "UseCase_FillMergedCellsQuery", "MiniExcel\UseCase_FillMergedCellsQuery\UseCase_FillMergedCellsQuery.csproj", "{C379FE59-A12C-4802-9696-5035737C5F87}"
EndProject
Project("{FAE04EC0-301F-11D3-BF4B-00C04F79EFBC}") = "UseCase_Linq", "MiniExcel\UseCase_Linq\UseCase_Linq.csproj", "{3E64466A-6AC7-4D1C-A3E2-29B1B4B87090}"
EndProject
Project("{2150E333-8FDC-42A3-9474-1A3956D46DE8}") = "Json.NET", "Json.NET", "{D3F384FC-00F0-4BA8-8D5F-E206CFD8ED7A}"
EndProject
Project("{FAE04EC0-301F-11D3-BF4B-00C04F79EFBC}") = "Code_Tokenization", "Json.NET\Code_Tokenization\Code_Tokenization.csproj", "{592DEFD6-65E5-4AC0-AEDA-4A7C9CE8963A}"
EndProject
Project("{FAE04EC0-301F-11D3-BF4B-00C04F79EFBC}") = "Code_Deserialization", "Json.NET\Code_Deserialization\Code_Deserialization.csproj", "{36FFCC65-8898-4682-BE39-0564B263DE87}"
EndProject
Project("{FAE04EC0-301F-11D3-BF4B-00C04F79EFBC}") = "Code_SerializeObject", "Json.NET\Code_SerializeObject\Code_SerializeObject.csproj", "{8FB0260F-7F53-4BA6-9FC9-B2AE42EF598C}"
EndProject
Project("{FAE04EC0-301F-11D3-BF4B-00C04F79EFBC}") = "Code_DeserializationWithSettings", "Json.NET\Code_DeserializationWithSettings\Code_DeserializationWithSettings.csproj", "{4FF8CA9D-67D4-4C59-903C-C75E57153AC0}"
EndProject
Project("{FAE04EC0-301F-11D3-BF4B-00C04F79EFBC}") = "Code_SerializeObjectWithSettings", "Json.NET\Code_SerializeObjectWithSettings\Code_SerializeObjectWithSettings.csproj", "{3FEC308C-B395-4193-8EB8-90E3F50407C2}"
EndProject
Project("{FAE04EC0-301F-11D3-BF4B-00C04F79EFBC}") = "Code_JToken", "Json.NET\Code_JToken\Code_JToken.csproj", "{194B2EFD-82E6-4CDC-BE4F-3E8F0F63221F}"
EndProject
Project("{FAE04EC0-301F-11D3-BF4B-00C04F79EFBC}") = "Code_JSONPath", "Json.NET\Code_JSONPath\Code_JSONPath.csproj", "{1E22163C-277C-4D2E-8B0D-15FC036A8E41}"
EndProject
Project("{FAE04EC0-301F-11D3-BF4B-00C04F79EFBC}") = "Code_JSONPath_Examples", "Json.NET\Code_JSONPath_Examples\Code_JSONPath_Examples.csproj", "{F2D6A651-8F53-40C0-9A61-B9EFD9E8A98A}"
EndProject
Project("{FAE04EC0-301F-11D3-BF4B-00C04F79EFBC}") = "Code_JSONPath_Basics", "Json.NET\Code_JSONPath_Basics\Code_JSONPath_Basics.csproj", "{6502E9C4-0D66-4AB2-B859-AD6D1B2C7F6B}"
EndProject
Project("{FAE04EC0-301F-11D3-BF4B-00C04F79EFBC}") = "Code_JToken_Basics", "Json.NET\Code_JToken_Basics\Code_JToken_Basics.csproj", "{FCB0F298-FB7C-44C9-A092-B5B56ACA8CAB}"
EndProject
Project("{FAE04EC0-301F-11D3-BF4B-00C04F79EFBC}") = "Code_JToken_Children", "Json.NET\Code_JToken_Children\Code_JToken_Children.csproj", "{BCB10645-4187-4EFA-A60A-64404B03186F}"
EndProject
Project("{FAE04EC0-301F-11D3-BF4B-00C04F79EFBC}") = "Code_JToken_Collections", "Json.NET\Code_JToken_Collections\Code_JToken_Collections.csproj", "{169419AC-40FC-4EF8-BD39-5B10E1546788}"
EndProject
Project("{FAE04EC0-301F-11D3-BF4B-00C04F79EFBC}") = "Code_AncestorsBeforeAfterSelf", "Json.NET\Code_AncestorsBeforeAfterSelf\Code_AncestorsBeforeAfterSelf.csproj", "{5125B10C-CAB9-44E2-9000-F087596EB186}"
EndProject
Project("{FAE04EC0-301F-11D3-BF4B-00C04F79EFBC}") = "Code_JTokenCast", "Json.NET\Code_JTokenCast\Code_JTokenCast.csproj", "{220CC86E-2F6D-4889-A161-6FC06C168985}"
EndProject
Project("{FAE04EC0-301F-11D3-BF4B-00C04F79EFBC}") = "Code_ChildrenTokens", "Json.NET\Code_ChildrenTokens\Code_ChildrenTokens.csproj", "{DBB60946-A9C7-4BBB-8B30-6E98A620B7C9}"
EndProject
Project("{FAE04EC0-301F-11D3-BF4B-00C04F79EFBC}") = "Code_JContainer", "Json.NET\Code_JContainer\Code_JContainer.csproj", "{A687EAF8-0B71-498A-9EAB-076C8A3945E4}"
EndProject
Project("{FAE04EC0-301F-11D3-BF4B-00C04F79EFBC}") = "Code_DescendantsAndSelf", "Json.NET\Code_DescendantsAndSelf\Code_DescendantsAndSelf.csproj", "{F75D2A21-17E1-4D20-9DAA-9D9DBB2089C8}"
EndProject
Project("{FAE04EC0-301F-11D3-BF4B-00C04F79EFBC}") = "Code_JObject", "Json.NET\Code_JObject\Code_JObject.csproj", "{0F443284-AF14-4717-880D-C75FFA98EECB}"
EndProject
Project("{FAE04EC0-301F-11D3-BF4B-00C04F79EFBC}") = "Code_JProperty", "Json.NET\Code_JProperty\Code_JProperty.csproj", "{63AD997D-C0F4-4E38-B8FC-B10C0786403B}"
EndProject
Project("{FAE04EC0-301F-11D3-BF4B-00C04F79EFBC}") = "Code_JArray", "Json.NET\Code_JArray\Code_JArray.csproj", "{AF2C471E-E544-456F-B33D-990866F63C07}"
EndProject
Project("{FAE04EC0-301F-11D3-BF4B-00C04F79EFBC}") = "Code_JsonTextReader", "Json.NET\Code_JsonTextReader\Code_JsonTextReader.csproj", "{E0627075-911C-4E11-9BDB-910137A3A519}"
EndProject
Project("{FAE04EC0-301F-11D3-BF4B-00C04F79EFBC}") = "Code_TestJSONPath", "Json.NET\Code_TestJSONPath\Code_TestJSONPath.csproj", "{450C1725-8624-4D36-8B7B-E240CC7AC335}"
EndProject
Project("{FAE04EC0-301F-11D3-BF4B-00C04F79EFBC}") = "Code_JSONPathTest01", "Json.NET\Code_JSONPathTest01\Code_JSONPathTest01.csproj", "{BCA0D080-057A-4DA1-BE98-936FA4F60DC2}"
EndProject
Project("{FAE04EC0-301F-11D3-BF4B-00C04F79EFBC}") = "Code_JSONPath_02", "Json.NET\Code_JSONPath_02\Code_JSONPath_02.csproj", "{C60F40AB-0B2B-4B34-99E4-08F94E041F52}"
EndProject
Project("{2150E333-8FDC-42A3-9474-1A3956D46DE8}") = "Event", "Event", "{02EA681E-C7D8-13C7-8484-4AC65E1B71E8}"
EndProject
Project("{FAE04EC0-301F-11D3-BF4B-00C04F79EFBC}") = "Code_TemperatureControl", "CSharpEssential\Event\Code_TemperatureControl\Code_TemperatureControl.csproj", "{61E25161-1890-403A-AEAF-1FF9E7D26170}"
EndProject
Project("{2150E333-8FDC-42A3-9474-1A3956D46DE8}") = "Test", "Test", "{231B6117-9299-4FCF-AC5E-3C3D8999A522}"
EndProject
Project("{FAE04EC0-301F-11D3-BF4B-00C04F79EFBC}") = "Test_ObjectID", "CSharpEssential\Test\Test_ObjectID\Test_ObjectID.csproj", "{83A9CC81-EE7F-4C37-9A2A-35758A9FFC21}"
EndProject
Project("{2150E333-8FDC-42A3-9474-1A3956D46DE8}") = "Linq", "Linq", "{CAE96D20-44CC-4BBF-ACA7-E776ED2A9B17}"
EndProject
Project("{FAE04EC0-301F-11D3-BF4B-00C04F79EFBC}") = "Core_GroupJoin", "CSharpEssential\Linq\Core_GroupJoin\Core_GroupJoin.csproj", "{5C6A13DC-0490-ED26-0742-EAC5EE7D8FBA}"
EndProject
Project("{FAE04EC0-301F-11D3-BF4B-00C04F79EFBC}") = "Code_All", "CSharpEssential\Linq\Code_All\Code_All.csproj", "{EBFB375C-08E4-1E40-8179-41CB8B8F610C}"
EndProject
Project("{FAE04EC0-301F-11D3-BF4B-00C04F79EFBC}") = "Code_Cast", "CSharpEssential\Linq\Code_Cast\Code_Cast.csproj", "{52B9121B-D2F1-53F3-9DD7-B7C6E73761A9}"
EndProject
Project("{FAE04EC0-301F-11D3-BF4B-00C04F79EFBC}") = "Code_Chunk", "CSharpEssential\Linq\Code_Chunk\Code_Chunk.csproj", "{9ED25139-6D22-A951-A372-0EC60EE8D8DF}"
EndProject
Project("{FAE04EC0-301F-11D3-BF4B-00C04F79EFBC}") = "Code_Concat", "CSharpEssential\Linq\Code_Concat\Code_Concat.csproj", "{7BB6338E-7CC3-5681-538F-F2AB5F4C66EA}"
EndProject
Project("{FAE04EC0-301F-11D3-BF4B-00C04F79EFBC}") = "Code_Contains", "CSharpEssential\Linq\Code_Contains\Code_Contains.csproj", "{3D606429-A4BD-C755-3E1F-44467D0C11E7}"
EndProject
Project("{FAE04EC0-301F-11D3-BF4B-00C04F79EFBC}") = "Code_Count", "CSharpEssential\Linq\Code_Count\Code_Count.csproj", "{714D191B-B137-D8D0-CBA4-EC8EB08BF3EC}"
EndProject
Project("{FAE04EC0-301F-11D3-BF4B-00C04F79EFBC}") = "Code_DefaultIfEmpty", "CSharpEssential\Linq\Code_DefaultIfEmpty\Code_DefaultIfEmpty.csproj", "{5CC70FED-C089-CA36-C919-211080852DC0}"
EndProject
Project("{FAE04EC0-301F-11D3-BF4B-00C04F79EFBC}") = "Code_DistinctBy", "CSharpEssential\Linq\Code_DistinctBy\Code_DistinctBy.csproj", "{33805D26-1821-3219-BF68-9612CF993A9F}"
EndProject
Project("{FAE04EC0-301F-11D3-BF4B-00C04F79EFBC}") = "Code_Empty", "CSharpEssential\Linq\Code_Empty\Code_Empty.csproj", "{FDB82B36-BF7F-72AC-3B09-00DF90935C3F}"
EndProject
Project("{FAE04EC0-301F-11D3-BF4B-00C04F79EFBC}") = "Code_ExceptBy", "CSharpEssential\Linq\Code_ExceptBy\Code_ExceptBy.csproj", "{4FDE4B75-FC13-D104-8815-BD5E90143536}"
EndProject
Project("{FAE04EC0-301F-11D3-BF4B-00C04F79EFBC}") = "Code_FindAll", "CSharpEssential\Linq\Code_FindAll\Code_FindAll.csproj", "{29FAE550-EA95-68A6-5107-B729BA1B99B2}"
EndProject
Project("{FAE04EC0-301F-11D3-BF4B-00C04F79EFBC}") = "Code_FirstOrLast", "CSharpEssential\Linq\Code_FirstOrLast\Code_FirstOrLast.csproj", "{BFBEB0EB-94B9-18C9-4BE9-B54167BA826D}"
EndProject
Project("{FAE04EC0-301F-11D3-BF4B-00C04F79EFBC}") = "Code_GroupBy", "CSharpEssential\Linq\Code_GroupBy\Code_GroupBy.csproj", "{12C195A3-EE77-3C8A-2D72-A92AE073FFDE}"
EndProject
Project("{FAE04EC0-301F-11D3-BF4B-00C04F79EFBC}") = "Code_IntersectBy", "CSharpEssential\Linq\Code_IntersectBy\Code_IntersectBy.csproj", "{CCED423F-1A2D-F382-E0D2-FBC453A85EFD}"
EndProject
Project("{FAE04EC0-301F-11D3-BF4B-00C04F79EFBC}") = "Code_Join", "CSharpEssential\Linq\Code_Join\Code_Join.csproj", "{6205A0F6-2A73-F23E-D553-DA8AA92E00D7}"
EndProject
Project("{FAE04EC0-301F-11D3-BF4B-00C04F79EFBC}") = "Code_List", "CSharpEssential\Linq\Code_List\Code_List.csproj", "{CECFE842-65E8-D569-601A-8E183CC72D13}"
EndProject
Project("{FAE04EC0-301F-11D3-BF4B-00C04F79EFBC}") = "Code_OrderBy", "CSharpEssential\Linq\Code_OrderBy\Code_OrderBy.csproj", "{DA3F27B2-8667-E918-807D-21D116E9423A}"
EndProject
Project("{FAE04EC0-301F-11D3-BF4B-00C04F79EFBC}") = "Code_OrderByDescending", "CSharpEssential\Linq\Code_OrderByDescending\Code_OrderByDescending.csproj", "{B489910D-55F0-3FC2-4DD2-0BDA33A5CD92}"
EndProject
Project("{FAE04EC0-301F-11D3-BF4B-00C04F79EFBC}") = "Code_OrderByThenBy", "CSharpEssential\Linq\Code_OrderByThenBy\Code_OrderByThenBy.csproj", "{3AD99979-2DDC-61D5-E164-D37F0419CE2C}"
EndProject
Project("{FAE04EC0-301F-11D3-BF4B-00C04F79EFBC}") = "Code_Prepend", "CSharpEssential\Linq\Code_Prepend\Code_Prepend.csproj", "{3F451F57-1AD7-0322-C782-680732E9DC92}"
EndProject
Project("{FAE04EC0-301F-11D3-BF4B-00C04F79EFBC}") = "Code_Range", "CSharpEssential\Linq\Code_Range\Code_Range.csproj", "{2F6F68B6-90D7-75E3-E06C-8B33928EB084}"
EndProject
Project("{FAE04EC0-301F-11D3-BF4B-00C04F79EFBC}") = "Code_Repeat", "CSharpEssential\Linq\Code_Repeat\Code_Repeat.csproj", "{84363EA3-A0C0-8415-7BA6-401AFDF75959}"
EndProject
Project("{FAE04EC0-301F-11D3-BF4B-00C04F79EFBC}") = "Code_Reverse", "CSharpEssential\Linq\Code_Reverse\Code_Reverse.csproj", "{CD8D79A0-094C-4400-643B-C5CAE1CDF8D0}"
EndProject
Project("{FAE04EC0-301F-11D3-BF4B-00C04F79EFBC}") = "Code_Select", "CSharpEssential\Linq\Code_Select\Code_Select.csproj", "{676E693F-8E9C-EB32-1159-00BB8CFDB357}"
EndProject
Project("{FAE04EC0-301F-11D3-BF4B-00C04F79EFBC}") = "Code_SelectMany", "CSharpEssential\Linq\Code_SelectMany\Code_SelectMany.csproj", "{2978172E-CEBB-1083-6191-2B6CA86A34AD}"
EndProject
Project("{FAE04EC0-301F-11D3-BF4B-00C04F79EFBC}") = "Code_Single", "CSharpEssential\Linq\Code_Single\Code_Single.csproj", "{18AA0B59-317C-C37E-0ACE-1C83489D93C3}"
EndProject
Project("{FAE04EC0-301F-11D3-BF4B-00C04F79EFBC}") = "Code_ToArray", "CSharpEssential\Linq\Code_ToArray\Code_ToArray.csproj", "{1FB74915-41C2-6353-39E2-277ACCF8022B}"
EndProject
Project("{FAE04EC0-301F-11D3-BF4B-00C04F79EFBC}") = "Code_ToHashSet", "CSharpEssential\Linq\Code_ToHashSet\Code_ToHashSet.csproj", "{A91FA03B-7301-C396-60FB-D250AA4B5D8B}"
EndProject
Project("{FAE04EC0-301F-11D3-BF4B-00C04F79EFBC}") = "Code_ToList", "CSharpEssential\Linq\Code_ToList\Code_ToList.csproj", "{C659C18D-282C-D565-2348-17438FCC8765}"
EndProject
Project("{FAE04EC0-301F-11D3-BF4B-00C04F79EFBC}") = "Code_UnionUnionBy", "CSharpEssential\Linq\Code_UnionUnionBy\Code_UnionUnionBy.csproj", "{4A85A73A-D6F1-2E84-02CC-1F6FD630A0F5}"
EndProject
Project("{FAE04EC0-301F-11D3-BF4B-00C04F79EFBC}") = "Code_Zip", "CSharpEssential\Linq\Code_Zip\Code_Zip.csproj", "{B26B7B5E-DF51-7F90-1406-B5D147CDA58D}"
EndProject
Project("{2150E333-8FDC-42A3-9474-1A3956D46DE8}") = "Collections", "Collections", "{7851ADA1-994D-4C71-8325-96C9B0F88122}"
EndProject
Project("{FAE04EC0-301F-11D3-BF4B-00C04F79EFBC}") = "Code_Yield", "CSharpEssential\Collections\Code_Yield\Code_Yield.csproj", "{96100134-A263-0F8B-0F15-FB564D5BE78C}"
EndProject
Project("{FAE04EC0-301F-11D3-BF4B-00C04F79EFBC}") = "HelloSharp", "CSharpEssential\Test\HelloSharp\HelloSharp.csproj", "{32E63727-E3EE-407B-9131-5289CB245965}"
EndProject
Project("{FAE04EC0-301F-11D3-BF4B-00C04F79EFBC}") = "Console_PassedByValueOrReference", "CSharpEssential\Test\Console_ValueOrReferenceWhenPassedToMethod\Console_PassedByValueOrReference.csproj", "{4F7DD775-0B03-408E-B600-B844CF36993B}"
EndProject
Global
	GlobalSection(SolutionConfigurationPlatforms) = preSolution
		Debug|Any CPU = Debug|Any CPU
		Release|Any CPU = Release|Any CPU
	EndGlobalSection
	GlobalSection(ProjectConfigurationPlatforms) = postSolution
		{5AA4BE04-6AB3-4ACB-A5C7-2B399ED85AB1}.Debug|Any CPU.ActiveCfg = Debug|Any CPU
		{5AA4BE04-6AB3-4ACB-A5C7-2B399ED85AB1}.Debug|Any CPU.Build.0 = Debug|Any CPU
		{5AA4BE04-6AB3-4ACB-A5C7-2B399ED85AB1}.Release|Any CPU.ActiveCfg = Release|Any CPU
		{5AA4BE04-6AB3-4ACB-A5C7-2B399ED85AB1}.Release|Any CPU.Build.0 = Release|Any CPU
		{5AAAD360-E2F3-4ECC-83CF-BE5DC3C87A01}.Debug|Any CPU.ActiveCfg = Debug|Any CPU
		{5AAAD360-E2F3-4ECC-83CF-BE5DC3C87A01}.Debug|Any CPU.Build.0 = Debug|Any CPU
		{5AAAD360-E2F3-4ECC-83CF-BE5DC3C87A01}.Release|Any CPU.ActiveCfg = Release|Any CPU
		{5AAAD360-E2F3-4ECC-83CF-BE5DC3C87A01}.Release|Any CPU.Build.0 = Release|Any CPU
		{3C6F90F4-8084-4C11-B0D0-1D8670287C3D}.Debug|Any CPU.ActiveCfg = Debug|Any CPU
		{3C6F90F4-8084-4C11-B0D0-1D8670287C3D}.Debug|Any CPU.Build.0 = Debug|Any CPU
		{3C6F90F4-8084-4C11-B0D0-1D8670287C3D}.Release|Any CPU.ActiveCfg = Release|Any CPU
		{3C6F90F4-8084-4C11-B0D0-1D8670287C3D}.Release|Any CPU.Build.0 = Release|Any CPU
		{527ED8A3-FEA6-4711-A85D-4DC26705A966}.Debug|Any CPU.ActiveCfg = Debug|Any CPU
		{527ED8A3-FEA6-4711-A85D-4DC26705A966}.Debug|Any CPU.Build.0 = Debug|Any CPU
		{527ED8A3-FEA6-4711-A85D-4DC26705A966}.Release|Any CPU.ActiveCfg = Release|Any CPU
		{527ED8A3-FEA6-4711-A85D-4DC26705A966}.Release|Any CPU.Build.0 = Release|Any CPU
		{C689E27D-A5EB-4EFD-86F5-56A45317C20D}.Debug|Any CPU.ActiveCfg = Debug|Any CPU
		{C689E27D-A5EB-4EFD-86F5-56A45317C20D}.Debug|Any CPU.Build.0 = Debug|Any CPU
		{C689E27D-A5EB-4EFD-86F5-56A45317C20D}.Release|Any CPU.ActiveCfg = Release|Any CPU
		{C689E27D-A5EB-4EFD-86F5-56A45317C20D}.Release|Any CPU.Build.0 = Release|Any CPU
		{C379FE59-A12C-4802-9696-5035737C5F87}.Debug|Any CPU.ActiveCfg = Debug|Any CPU
		{C379FE59-A12C-4802-9696-5035737C5F87}.Debug|Any CPU.Build.0 = Debug|Any CPU
		{C379FE59-A12C-4802-9696-5035737C5F87}.Release|Any CPU.ActiveCfg = Release|Any CPU
		{C379FE59-A12C-4802-9696-5035737C5F87}.Release|Any CPU.Build.0 = Release|Any CPU
		{3E64466A-6AC7-4D1C-A3E2-29B1B4B87090}.Debug|Any CPU.ActiveCfg = Debug|Any CPU
		{3E64466A-6AC7-4D1C-A3E2-29B1B4B87090}.Debug|Any CPU.Build.0 = Debug|Any CPU
		{3E64466A-6AC7-4D1C-A3E2-29B1B4B87090}.Release|Any CPU.ActiveCfg = Release|Any CPU
		{3E64466A-6AC7-4D1C-A3E2-29B1B4B87090}.Release|Any CPU.Build.0 = Release|Any CPU
		{592DEFD6-65E5-4AC0-AEDA-4A7C9CE8963A}.Debug|Any CPU.ActiveCfg = Debug|Any CPU
		{592DEFD6-65E5-4AC0-AEDA-4A7C9CE8963A}.Debug|Any CPU.Build.0 = Debug|Any CPU
		{592DEFD6-65E5-4AC0-AEDA-4A7C9CE8963A}.Release|Any CPU.ActiveCfg = Release|Any CPU
		{592DEFD6-65E5-4AC0-AEDA-4A7C9CE8963A}.Release|Any CPU.Build.0 = Release|Any CPU
		{36FFCC65-8898-4682-BE39-0564B263DE87}.Debug|Any CPU.ActiveCfg = Debug|Any CPU
		{36FFCC65-8898-4682-BE39-0564B263DE87}.Debug|Any CPU.Build.0 = Debug|Any CPU
		{36FFCC65-8898-4682-BE39-0564B263DE87}.Release|Any CPU.ActiveCfg = Release|Any CPU
		{36FFCC65-8898-4682-BE39-0564B263DE87}.Release|Any CPU.Build.0 = Release|Any CPU
		{8FB0260F-7F53-4BA6-9FC9-B2AE42EF598C}.Debug|Any CPU.ActiveCfg = Debug|Any CPU
		{8FB0260F-7F53-4BA6-9FC9-B2AE42EF598C}.Debug|Any CPU.Build.0 = Debug|Any CPU
		{8FB0260F-7F53-4BA6-9FC9-B2AE42EF598C}.Release|Any CPU.ActiveCfg = Release|Any CPU
		{8FB0260F-7F53-4BA6-9FC9-B2AE42EF598C}.Release|Any CPU.Build.0 = Release|Any CPU
		{4FF8CA9D-67D4-4C59-903C-C75E57153AC0}.Debug|Any CPU.ActiveCfg = Debug|Any CPU
		{4FF8CA9D-67D4-4C59-903C-C75E57153AC0}.Debug|Any CPU.Build.0 = Debug|Any CPU
		{4FF8CA9D-67D4-4C59-903C-C75E57153AC0}.Release|Any CPU.ActiveCfg = Release|Any CPU
		{4FF8CA9D-67D4-4C59-903C-C75E57153AC0}.Release|Any CPU.Build.0 = Release|Any CPU
		{3FEC308C-B395-4193-8EB8-90E3F50407C2}.Debug|Any CPU.ActiveCfg = Debug|Any CPU
		{3FEC308C-B395-4193-8EB8-90E3F50407C2}.Debug|Any CPU.Build.0 = Debug|Any CPU
		{3FEC308C-B395-4193-8EB8-90E3F50407C2}.Release|Any CPU.ActiveCfg = Release|Any CPU
		{3FEC308C-B395-4193-8EB8-90E3F50407C2}.Release|Any CPU.Build.0 = Release|Any CPU
		{194B2EFD-82E6-4CDC-BE4F-3E8F0F63221F}.Debug|Any CPU.ActiveCfg = Debug|Any CPU
		{194B2EFD-82E6-4CDC-BE4F-3E8F0F63221F}.Debug|Any CPU.Build.0 = Debug|Any CPU
		{194B2EFD-82E6-4CDC-BE4F-3E8F0F63221F}.Release|Any CPU.ActiveCfg = Release|Any CPU
		{194B2EFD-82E6-4CDC-BE4F-3E8F0F63221F}.Release|Any CPU.Build.0 = Release|Any CPU
		{1E22163C-277C-4D2E-8B0D-15FC036A8E41}.Debug|Any CPU.ActiveCfg = Debug|Any CPU
		{1E22163C-277C-4D2E-8B0D-15FC036A8E41}.Debug|Any CPU.Build.0 = Debug|Any CPU
		{1E22163C-277C-4D2E-8B0D-15FC036A8E41}.Release|Any CPU.ActiveCfg = Release|Any CPU
		{1E22163C-277C-4D2E-8B0D-15FC036A8E41}.Release|Any CPU.Build.0 = Release|Any CPU
		{F2D6A651-8F53-40C0-9A61-B9EFD9E8A98A}.Debug|Any CPU.ActiveCfg = Debug|Any CPU
		{F2D6A651-8F53-40C0-9A61-B9EFD9E8A98A}.Debug|Any CPU.Build.0 = Debug|Any CPU
		{F2D6A651-8F53-40C0-9A61-B9EFD9E8A98A}.Release|Any CPU.ActiveCfg = Release|Any CPU
		{F2D6A651-8F53-40C0-9A61-B9EFD9E8A98A}.Release|Any CPU.Build.0 = Release|Any CPU
		{6502E9C4-0D66-4AB2-B859-AD6D1B2C7F6B}.Debug|Any CPU.ActiveCfg = Debug|Any CPU
		{6502E9C4-0D66-4AB2-B859-AD6D1B2C7F6B}.Debug|Any CPU.Build.0 = Debug|Any CPU
		{6502E9C4-0D66-4AB2-B859-AD6D1B2C7F6B}.Release|Any CPU.ActiveCfg = Release|Any CPU
		{6502E9C4-0D66-4AB2-B859-AD6D1B2C7F6B}.Release|Any CPU.Build.0 = Release|Any CPU
		{FCB0F298-FB7C-44C9-A092-B5B56ACA8CAB}.Debug|Any CPU.ActiveCfg = Debug|Any CPU
		{FCB0F298-FB7C-44C9-A092-B5B56ACA8CAB}.Debug|Any CPU.Build.0 = Debug|Any CPU
		{FCB0F298-FB7C-44C9-A092-B5B56ACA8CAB}.Release|Any CPU.ActiveCfg = Release|Any CPU
		{FCB0F298-FB7C-44C9-A092-B5B56ACA8CAB}.Release|Any CPU.Build.0 = Release|Any CPU
		{BCB10645-4187-4EFA-A60A-64404B03186F}.Debug|Any CPU.ActiveCfg = Debug|Any CPU
		{BCB10645-4187-4EFA-A60A-64404B03186F}.Debug|Any CPU.Build.0 = Debug|Any CPU
		{BCB10645-4187-4EFA-A60A-64404B03186F}.Release|Any CPU.ActiveCfg = Release|Any CPU
		{BCB10645-4187-4EFA-A60A-64404B03186F}.Release|Any CPU.Build.0 = Release|Any CPU
		{169419AC-40FC-4EF8-BD39-5B10E1546788}.Debug|Any CPU.ActiveCfg = Debug|Any CPU
		{169419AC-40FC-4EF8-BD39-5B10E1546788}.Debug|Any CPU.Build.0 = Debug|Any CPU
		{169419AC-40FC-4EF8-BD39-5B10E1546788}.Release|Any CPU.ActiveCfg = Release|Any CPU
		{169419AC-40FC-4EF8-BD39-5B10E1546788}.Release|Any CPU.Build.0 = Release|Any CPU
		{5125B10C-CAB9-44E2-9000-F087596EB186}.Debug|Any CPU.ActiveCfg = Debug|Any CPU
		{5125B10C-CAB9-44E2-9000-F087596EB186}.Debug|Any CPU.Build.0 = Debug|Any CPU
		{5125B10C-CAB9-44E2-9000-F087596EB186}.Release|Any CPU.ActiveCfg = Release|Any CPU
		{5125B10C-CAB9-44E2-9000-F087596EB186}.Release|Any CPU.Build.0 = Release|Any CPU
		{220CC86E-2F6D-4889-A161-6FC06C168985}.Debug|Any CPU.ActiveCfg = Debug|Any CPU
		{220CC86E-2F6D-4889-A161-6FC06C168985}.Debug|Any CPU.Build.0 = Debug|Any CPU
		{220CC86E-2F6D-4889-A161-6FC06C168985}.Release|Any CPU.ActiveCfg = Release|Any CPU
		{220CC86E-2F6D-4889-A161-6FC06C168985}.Release|Any CPU.Build.0 = Release|Any CPU
		{DBB60946-A9C7-4BBB-8B30-6E98A620B7C9}.Debug|Any CPU.ActiveCfg = Debug|Any CPU
		{DBB60946-A9C7-4BBB-8B30-6E98A620B7C9}.Debug|Any CPU.Build.0 = Debug|Any CPU
		{DBB60946-A9C7-4BBB-8B30-6E98A620B7C9}.Release|Any CPU.ActiveCfg = Release|Any CPU
		{DBB60946-A9C7-4BBB-8B30-6E98A620B7C9}.Release|Any CPU.Build.0 = Release|Any CPU
		{A687EAF8-0B71-498A-9EAB-076C8A3945E4}.Debug|Any CPU.ActiveCfg = Debug|Any CPU
		{A687EAF8-0B71-498A-9EAB-076C8A3945E4}.Debug|Any CPU.Build.0 = Debug|Any CPU
		{A687EAF8-0B71-498A-9EAB-076C8A3945E4}.Release|Any CPU.ActiveCfg = Release|Any CPU
		{A687EAF8-0B71-498A-9EAB-076C8A3945E4}.Release|Any CPU.Build.0 = Release|Any CPU
		{F75D2A21-17E1-4D20-9DAA-9D9DBB2089C8}.Debug|Any CPU.ActiveCfg = Debug|Any CPU
		{F75D2A21-17E1-4D20-9DAA-9D9DBB2089C8}.Debug|Any CPU.Build.0 = Debug|Any CPU
		{F75D2A21-17E1-4D20-9DAA-9D9DBB2089C8}.Release|Any CPU.ActiveCfg = Release|Any CPU
		{F75D2A21-17E1-4D20-9DAA-9D9DBB2089C8}.Release|Any CPU.Build.0 = Release|Any CPU
		{0F443284-AF14-4717-880D-C75FFA98EECB}.Debug|Any CPU.ActiveCfg = Debug|Any CPU
		{0F443284-AF14-4717-880D-C75FFA98EECB}.Debug|Any CPU.Build.0 = Debug|Any CPU
		{0F443284-AF14-4717-880D-C75FFA98EECB}.Release|Any CPU.ActiveCfg = Release|Any CPU
		{0F443284-AF14-4717-880D-C75FFA98EECB}.Release|Any CPU.Build.0 = Release|Any CPU
		{63AD997D-C0F4-4E38-B8FC-B10C0786403B}.Debug|Any CPU.ActiveCfg = Debug|Any CPU
		{63AD997D-C0F4-4E38-B8FC-B10C0786403B}.Debug|Any CPU.Build.0 = Debug|Any CPU
		{63AD997D-C0F4-4E38-B8FC-B10C0786403B}.Release|Any CPU.ActiveCfg = Release|Any CPU
		{63AD997D-C0F4-4E38-B8FC-B10C0786403B}.Release|Any CPU.Build.0 = Release|Any CPU
		{AF2C471E-E544-456F-B33D-990866F63C07}.Debug|Any CPU.ActiveCfg = Debug|Any CPU
		{AF2C471E-E544-456F-B33D-990866F63C07}.Debug|Any CPU.Build.0 = Debug|Any CPU
		{AF2C471E-E544-456F-B33D-990866F63C07}.Release|Any CPU.ActiveCfg = Release|Any CPU
		{AF2C471E-E544-456F-B33D-990866F63C07}.Release|Any CPU.Build.0 = Release|Any CPU
		{E0627075-911C-4E11-9BDB-910137A3A519}.Debug|Any CPU.ActiveCfg = Debug|Any CPU
		{E0627075-911C-4E11-9BDB-910137A3A519}.Debug|Any CPU.Build.0 = Debug|Any CPU
		{E0627075-911C-4E11-9BDB-910137A3A519}.Release|Any CPU.ActiveCfg = Release|Any CPU
		{E0627075-911C-4E11-9BDB-910137A3A519}.Release|Any CPU.Build.0 = Release|Any CPU
		{450C1725-8624-4D36-8B7B-E240CC7AC335}.Debug|Any CPU.ActiveCfg = Debug|Any CPU
		{450C1725-8624-4D36-8B7B-E240CC7AC335}.Debug|Any CPU.Build.0 = Debug|Any CPU
		{450C1725-8624-4D36-8B7B-E240CC7AC335}.Release|Any CPU.ActiveCfg = Release|Any CPU
		{450C1725-8624-4D36-8B7B-E240CC7AC335}.Release|Any CPU.Build.0 = Release|Any CPU
		{BCA0D080-057A-4DA1-BE98-936FA4F60DC2}.Debug|Any CPU.ActiveCfg = Debug|Any CPU
		{BCA0D080-057A-4DA1-BE98-936FA4F60DC2}.Debug|Any CPU.Build.0 = Debug|Any CPU
		{BCA0D080-057A-4DA1-BE98-936FA4F60DC2}.Release|Any CPU.ActiveCfg = Release|Any CPU
		{BCA0D080-057A-4DA1-BE98-936FA4F60DC2}.Release|Any CPU.Build.0 = Release|Any CPU
		{C60F40AB-0B2B-4B34-99E4-08F94E041F52}.Debug|Any CPU.ActiveCfg = Debug|Any CPU
		{C60F40AB-0B2B-4B34-99E4-08F94E041F52}.Debug|Any CPU.Build.0 = Debug|Any CPU
		{C60F40AB-0B2B-4B34-99E4-08F94E041F52}.Release|Any CPU.ActiveCfg = Release|Any CPU
		{C60F40AB-0B2B-4B34-99E4-08F94E041F52}.Release|Any CPU.Build.0 = Release|Any CPU
		{61E25161-1890-403A-AEAF-1FF9E7D26170}.Debug|Any CPU.ActiveCfg = Debug|Any CPU
		{61E25161-1890-403A-AEAF-1FF9E7D26170}.Debug|Any CPU.Build.0 = Debug|Any CPU
		{61E25161-1890-403A-AEAF-1FF9E7D26170}.Release|Any CPU.ActiveCfg = Release|Any CPU
		{61E25161-1890-403A-AEAF-1FF9E7D26170}.Release|Any CPU.Build.0 = Release|Any CPU
		{83A9CC81-EE7F-4C37-9A2A-35758A9FFC21}.Debug|Any CPU.ActiveCfg = Debug|Any CPU
		{83A9CC81-EE7F-4C37-9A2A-35758A9FFC21}.Debug|Any CPU.Build.0 = Debug|Any CPU
		{83A9CC81-EE7F-4C37-9A2A-35758A9FFC21}.Release|Any CPU.ActiveCfg = Release|Any CPU
		{83A9CC81-EE7F-4C37-9A2A-35758A9FFC21}.Release|Any CPU.Build.0 = Release|Any CPU
		{5C6A13DC-0490-ED26-0742-EAC5EE7D8FBA}.Debug|Any CPU.ActiveCfg = Debug|Any CPU
		{5C6A13DC-0490-ED26-0742-EAC5EE7D8FBA}.Debug|Any CPU.Build.0 = Debug|Any CPU
		{5C6A13DC-0490-ED26-0742-EAC5EE7D8FBA}.Release|Any CPU.ActiveCfg = Release|Any CPU
		{5C6A13DC-0490-ED26-0742-EAC5EE7D8FBA}.Release|Any CPU.Build.0 = Release|Any CPU
		{EBFB375C-08E4-1E40-8179-41CB8B8F610C}.Debug|Any CPU.ActiveCfg = Debug|Any CPU
		{EBFB375C-08E4-1E40-8179-41CB8B8F610C}.Debug|Any CPU.Build.0 = Debug|Any CPU
		{EBFB375C-08E4-1E40-8179-41CB8B8F610C}.Release|Any CPU.ActiveCfg = Release|Any CPU
		{EBFB375C-08E4-1E40-8179-41CB8B8F610C}.Release|Any CPU.Build.0 = Release|Any CPU
		{52B9121B-D2F1-53F3-9DD7-B7C6E73761A9}.Debug|Any CPU.ActiveCfg = Debug|Any CPU
		{52B9121B-D2F1-53F3-9DD7-B7C6E73761A9}.Debug|Any CPU.Build.0 = Debug|Any CPU
		{52B9121B-D2F1-53F3-9DD7-B7C6E73761A9}.Release|Any CPU.ActiveCfg = Release|Any CPU
		{52B9121B-D2F1-53F3-9DD7-B7C6E73761A9}.Release|Any CPU.Build.0 = Release|Any CPU
		{9ED25139-6D22-A951-A372-0EC60EE8D8DF}.Debug|Any CPU.ActiveCfg = Debug|Any CPU
		{9ED25139-6D22-A951-A372-0EC60EE8D8DF}.Debug|Any CPU.Build.0 = Debug|Any CPU
		{9ED25139-6D22-A951-A372-0EC60EE8D8DF}.Release|Any CPU.ActiveCfg = Release|Any CPU
		{9ED25139-6D22-A951-A372-0EC60EE8D8DF}.Release|Any CPU.Build.0 = Release|Any CPU
		{7BB6338E-7CC3-5681-538F-F2AB5F4C66EA}.Debug|Any CPU.ActiveCfg = Debug|Any CPU
		{7BB6338E-7CC3-5681-538F-F2AB5F4C66EA}.Debug|Any CPU.Build.0 = Debug|Any CPU
		{7BB6338E-7CC3-5681-538F-F2AB5F4C66EA}.Release|Any CPU.ActiveCfg = Release|Any CPU
		{7BB6338E-7CC3-5681-538F-F2AB5F4C66EA}.Release|Any CPU.Build.0 = Release|Any CPU
		{3D606429-A4BD-C755-3E1F-44467D0C11E7}.Debug|Any CPU.ActiveCfg = Debug|Any CPU
		{3D606429-A4BD-C755-3E1F-44467D0C11E7}.Debug|Any CPU.Build.0 = Debug|Any CPU
		{3D606429-A4BD-C755-3E1F-44467D0C11E7}.Release|Any CPU.ActiveCfg = Release|Any CPU
		{3D606429-A4BD-C755-3E1F-44467D0C11E7}.Release|Any CPU.Build.0 = Release|Any CPU
		{714D191B-B137-D8D0-CBA4-EC8EB08BF3EC}.Debug|Any CPU.ActiveCfg = Debug|Any CPU
		{714D191B-B137-D8D0-CBA4-EC8EB08BF3EC}.Debug|Any CPU.Build.0 = Debug|Any CPU
		{714D191B-B137-D8D0-CBA4-EC8EB08BF3EC}.Release|Any CPU.ActiveCfg = Release|Any CPU
		{714D191B-B137-D8D0-CBA4-EC8EB08BF3EC}.Release|Any CPU.Build.0 = Release|Any CPU
		{5CC70FED-C089-CA36-C919-211080852DC0}.Debug|Any CPU.ActiveCfg = Debug|Any CPU
		{5CC70FED-C089-CA36-C919-211080852DC0}.Debug|Any CPU.Build.0 = Debug|Any CPU
		{5CC70FED-C089-CA36-C919-211080852DC0}.Release|Any CPU.ActiveCfg = Release|Any CPU
		{5CC70FED-C089-CA36-C919-211080852DC0}.Release|Any CPU.Build.0 = Release|Any CPU
		{33805D26-1821-3219-BF68-9612CF993A9F}.Debug|Any CPU.ActiveCfg = Debug|Any CPU
		{33805D26-1821-3219-BF68-9612CF993A9F}.Debug|Any CPU.Build.0 = Debug|Any CPU
		{33805D26-1821-3219-BF68-9612CF993A9F}.Release|Any CPU.ActiveCfg = Release|Any CPU
		{33805D26-1821-3219-BF68-9612CF993A9F}.Release|Any CPU.Build.0 = Release|Any CPU
		{FDB82B36-BF7F-72AC-3B09-00DF90935C3F}.Debug|Any CPU.ActiveCfg = Debug|Any CPU
		{FDB82B36-BF7F-72AC-3B09-00DF90935C3F}.Debug|Any CPU.Build.0 = Debug|Any CPU
		{FDB82B36-BF7F-72AC-3B09-00DF90935C3F}.Release|Any CPU.ActiveCfg = Release|Any CPU
		{FDB82B36-BF7F-72AC-3B09-00DF90935C3F}.Release|Any CPU.Build.0 = Release|Any CPU
		{4FDE4B75-FC13-D104-8815-BD5E90143536}.Debug|Any CPU.ActiveCfg = Debug|Any CPU
		{4FDE4B75-FC13-D104-8815-BD5E90143536}.Debug|Any CPU.Build.0 = Debug|Any CPU
		{4FDE4B75-FC13-D104-8815-BD5E90143536}.Release|Any CPU.ActiveCfg = Release|Any CPU
		{4FDE4B75-FC13-D104-8815-BD5E90143536}.Release|Any CPU.Build.0 = Release|Any CPU
		{29FAE550-EA95-68A6-5107-B729BA1B99B2}.Debug|Any CPU.ActiveCfg = Debug|Any CPU
		{29FAE550-EA95-68A6-5107-B729BA1B99B2}.Debug|Any CPU.Build.0 = Debug|Any CPU
		{29FAE550-EA95-68A6-5107-B729BA1B99B2}.Release|Any CPU.ActiveCfg = Release|Any CPU
		{29FAE550-EA95-68A6-5107-B729BA1B99B2}.Release|Any CPU.Build.0 = Release|Any CPU
		{BFBEB0EB-94B9-18C9-4BE9-B54167BA826D}.Debug|Any CPU.ActiveCfg = Debug|Any CPU
		{BFBEB0EB-94B9-18C9-4BE9-B54167BA826D}.Debug|Any CPU.Build.0 = Debug|Any CPU
		{BFBEB0EB-94B9-18C9-4BE9-B54167BA826D}.Release|Any CPU.ActiveCfg = Release|Any CPU
		{BFBEB0EB-94B9-18C9-4BE9-B54167BA826D}.Release|Any CPU.Build.0 = Release|Any CPU
		{12C195A3-EE77-3C8A-2D72-A92AE073FFDE}.Debug|Any CPU.ActiveCfg = Debug|Any CPU
		{12C195A3-EE77-3C8A-2D72-A92AE073FFDE}.Debug|Any CPU.Build.0 = Debug|Any CPU
		{12C195A3-EE77-3C8A-2D72-A92AE073FFDE}.Release|Any CPU.ActiveCfg = Release|Any CPU
		{12C195A3-EE77-3C8A-2D72-A92AE073FFDE}.Release|Any CPU.Build.0 = Release|Any CPU
		{CCED423F-1A2D-F382-E0D2-FBC453A85EFD}.Debug|Any CPU.ActiveCfg = Debug|Any CPU
		{CCED423F-1A2D-F382-E0D2-FBC453A85EFD}.Debug|Any CPU.Build.0 = Debug|Any CPU
		{CCED423F-1A2D-F382-E0D2-FBC453A85EFD}.Release|Any CPU.ActiveCfg = Release|Any CPU
		{CCED423F-1A2D-F382-E0D2-FBC453A85EFD}.Release|Any CPU.Build.0 = Release|Any CPU
		{6205A0F6-2A73-F23E-D553-DA8AA92E00D7}.Debug|Any CPU.ActiveCfg = Debug|Any CPU
		{6205A0F6-2A73-F23E-D553-DA8AA92E00D7}.Debug|Any CPU.Build.0 = Debug|Any CPU
		{6205A0F6-2A73-F23E-D553-DA8AA92E00D7}.Release|Any CPU.ActiveCfg = Release|Any CPU
		{6205A0F6-2A73-F23E-D553-DA8AA92E00D7}.Release|Any CPU.Build.0 = Release|Any CPU
		{CECFE842-65E8-D569-601A-8E183CC72D13}.Debug|Any CPU.ActiveCfg = Debug|Any CPU
		{CECFE842-65E8-D569-601A-8E183CC72D13}.Debug|Any CPU.Build.0 = Debug|Any CPU
		{CECFE842-65E8-D569-601A-8E183CC72D13}.Release|Any CPU.ActiveCfg = Release|Any CPU
		{CECFE842-65E8-D569-601A-8E183CC72D13}.Release|Any CPU.Build.0 = Release|Any CPU
		{DA3F27B2-8667-E918-807D-21D116E9423A}.Debug|Any CPU.ActiveCfg = Debug|Any CPU
		{DA3F27B2-8667-E918-807D-21D116E9423A}.Debug|Any CPU.Build.0 = Debug|Any CPU
		{DA3F27B2-8667-E918-807D-21D116E9423A}.Release|Any CPU.ActiveCfg = Release|Any CPU
		{DA3F27B2-8667-E918-807D-21D116E9423A}.Release|Any CPU.Build.0 = Release|Any CPU
		{B489910D-55F0-3FC2-4DD2-0BDA33A5CD92}.Debug|Any CPU.ActiveCfg = Debug|Any CPU
		{B489910D-55F0-3FC2-4DD2-0BDA33A5CD92}.Debug|Any CPU.Build.0 = Debug|Any CPU
		{B489910D-55F0-3FC2-4DD2-0BDA33A5CD92}.Release|Any CPU.ActiveCfg = Release|Any CPU
		{B489910D-55F0-3FC2-4DD2-0BDA33A5CD92}.Release|Any CPU.Build.0 = Release|Any CPU
		{3AD99979-2DDC-61D5-E164-D37F0419CE2C}.Debug|Any CPU.ActiveCfg = Debug|Any CPU
		{3AD99979-2DDC-61D5-E164-D37F0419CE2C}.Debug|Any CPU.Build.0 = Debug|Any CPU
		{3AD99979-2DDC-61D5-E164-D37F0419CE2C}.Release|Any CPU.ActiveCfg = Release|Any CPU
		{3AD99979-2DDC-61D5-E164-D37F0419CE2C}.Release|Any CPU.Build.0 = Release|Any CPU
		{3F451F57-1AD7-0322-C782-680732E9DC92}.Debug|Any CPU.ActiveCfg = Debug|Any CPU
		{3F451F57-1AD7-0322-C782-680732E9DC92}.Debug|Any CPU.Build.0 = Debug|Any CPU
		{3F451F57-1AD7-0322-C782-680732E9DC92}.Release|Any CPU.ActiveCfg = Release|Any CPU
		{3F451F57-1AD7-0322-C782-680732E9DC92}.Release|Any CPU.Build.0 = Release|Any CPU
		{2F6F68B6-90D7-75E3-E06C-8B33928EB084}.Debug|Any CPU.ActiveCfg = Debug|Any CPU
		{2F6F68B6-90D7-75E3-E06C-8B33928EB084}.Debug|Any CPU.Build.0 = Debug|Any CPU
		{2F6F68B6-90D7-75E3-E06C-8B33928EB084}.Release|Any CPU.ActiveCfg = Release|Any CPU
		{2F6F68B6-90D7-75E3-E06C-8B33928EB084}.Release|Any CPU.Build.0 = Release|Any CPU
		{84363EA3-A0C0-8415-7BA6-401AFDF75959}.Debug|Any CPU.ActiveCfg = Debug|Any CPU
		{84363EA3-A0C0-8415-7BA6-401AFDF75959}.Debug|Any CPU.Build.0 = Debug|Any CPU
		{84363EA3-A0C0-8415-7BA6-401AFDF75959}.Release|Any CPU.ActiveCfg = Release|Any CPU
		{84363EA3-A0C0-8415-7BA6-401AFDF75959}.Release|Any CPU.Build.0 = Release|Any CPU
		{CD8D79A0-094C-4400-643B-C5CAE1CDF8D0}.Debug|Any CPU.ActiveCfg = Debug|Any CPU
		{CD8D79A0-094C-4400-643B-C5CAE1CDF8D0}.Debug|Any CPU.Build.0 = Debug|Any CPU
		{CD8D79A0-094C-4400-643B-C5CAE1CDF8D0}.Release|Any CPU.ActiveCfg = Release|Any CPU
		{CD8D79A0-094C-4400-643B-C5CAE1CDF8D0}.Release|Any CPU.Build.0 = Release|Any CPU
		{676E693F-8E9C-EB32-1159-00BB8CFDB357}.Debug|Any CPU.ActiveCfg = Debug|Any CPU
		{676E693F-8E9C-EB32-1159-00BB8CFDB357}.Debug|Any CPU.Build.0 = Debug|Any CPU
		{676E693F-8E9C-EB32-1159-00BB8CFDB357}.Release|Any CPU.ActiveCfg = Release|Any CPU
		{676E693F-8E9C-EB32-1159-00BB8CFDB357}.Release|Any CPU.Build.0 = Release|Any CPU
		{2978172E-CEBB-1083-6191-2B6CA86A34AD}.Debug|Any CPU.ActiveCfg = Debug|Any CPU
		{2978172E-CEBB-1083-6191-2B6CA86A34AD}.Debug|Any CPU.Build.0 = Debug|Any CPU
		{2978172E-CEBB-1083-6191-2B6CA86A34AD}.Release|Any CPU.ActiveCfg = Release|Any CPU
		{2978172E-CEBB-1083-6191-2B6CA86A34AD}.Release|Any CPU.Build.0 = Release|Any CPU
		{18AA0B59-317C-C37E-0ACE-1C83489D93C3}.Debug|Any CPU.ActiveCfg = Debug|Any CPU
		{18AA0B59-317C-C37E-0ACE-1C83489D93C3}.Debug|Any CPU.Build.0 = Debug|Any CPU
		{18AA0B59-317C-C37E-0ACE-1C83489D93C3}.Release|Any CPU.ActiveCfg = Release|Any CPU
		{18AA0B59-317C-C37E-0ACE-1C83489D93C3}.Release|Any CPU.Build.0 = Release|Any CPU
		{1FB74915-41C2-6353-39E2-277ACCF8022B}.Debug|Any CPU.ActiveCfg = Debug|Any CPU
		{1FB74915-41C2-6353-39E2-277ACCF8022B}.Debug|Any CPU.Build.0 = Debug|Any CPU
		{1FB74915-41C2-6353-39E2-277ACCF8022B}.Release|Any CPU.ActiveCfg = Release|Any CPU
		{1FB74915-41C2-6353-39E2-277ACCF8022B}.Release|Any CPU.Build.0 = Release|Any CPU
		{A91FA03B-7301-C396-60FB-D250AA4B5D8B}.Debug|Any CPU.ActiveCfg = Debug|Any CPU
		{A91FA03B-7301-C396-60FB-D250AA4B5D8B}.Debug|Any CPU.Build.0 = Debug|Any CPU
		{A91FA03B-7301-C396-60FB-D250AA4B5D8B}.Release|Any CPU.ActiveCfg = Release|Any CPU
		{A91FA03B-7301-C396-60FB-D250AA4B5D8B}.Release|Any CPU.Build.0 = Release|Any CPU
		{C659C18D-282C-D565-2348-17438FCC8765}.Debug|Any CPU.ActiveCfg = Debug|Any CPU
		{C659C18D-282C-D565-2348-17438FCC8765}.Debug|Any CPU.Build.0 = Debug|Any CPU
		{C659C18D-282C-D565-2348-17438FCC8765}.Release|Any CPU.ActiveCfg = Release|Any CPU
		{C659C18D-282C-D565-2348-17438FCC8765}.Release|Any CPU.Build.0 = Release|Any CPU
		{4A85A73A-D6F1-2E84-02CC-1F6FD630A0F5}.Debug|Any CPU.ActiveCfg = Debug|Any CPU
		{4A85A73A-D6F1-2E84-02CC-1F6FD630A0F5}.Debug|Any CPU.Build.0 = Debug|Any CPU
		{4A85A73A-D6F1-2E84-02CC-1F6FD630A0F5}.Release|Any CPU.ActiveCfg = Release|Any CPU
		{4A85A73A-D6F1-2E84-02CC-1F6FD630A0F5}.Release|Any CPU.Build.0 = Release|Any CPU
		{B26B7B5E-DF51-7F90-1406-B5D147CDA58D}.Debug|Any CPU.ActiveCfg = Debug|Any CPU
		{B26B7B5E-DF51-7F90-1406-B5D147CDA58D}.Debug|Any CPU.Build.0 = Debug|Any CPU
		{B26B7B5E-DF51-7F90-1406-B5D147CDA58D}.Release|Any CPU.ActiveCfg = Release|Any CPU
		{B26B7B5E-DF51-7F90-1406-B5D147CDA58D}.Release|Any CPU.Build.0 = Release|Any CPU
		{96100134-A263-0F8B-0F15-FB564D5BE78C}.Debug|Any CPU.ActiveCfg = Debug|Any CPU
		{96100134-A263-0F8B-0F15-FB564D5BE78C}.Debug|Any CPU.Build.0 = Debug|Any CPU
		{96100134-A263-0F8B-0F15-FB564D5BE78C}.Release|Any CPU.ActiveCfg = Release|Any CPU
		{96100134-A263-0F8B-0F15-FB564D5BE78C}.Release|Any CPU.Build.0 = Release|Any CPU
		{32E63727-E3EE-407B-9131-5289CB245965}.Debug|Any CPU.ActiveCfg = Debug|Any CPU
		{32E63727-E3EE-407B-9131-5289CB245965}.Debug|Any CPU.Build.0 = Debug|Any CPU
		{32E63727-E3EE-407B-9131-5289CB245965}.Release|Any CPU.ActiveCfg = Release|Any CPU
		{32E63727-E3EE-407B-9131-5289CB245965}.Release|Any CPU.Build.0 = Release|Any CPU
		{4F7DD775-0B03-408E-B600-B844CF36993B}.Debug|Any CPU.ActiveCfg = Debug|Any CPU
		{4F7DD775-0B03-408E-B600-B844CF36993B}.Debug|Any CPU.Build.0 = Debug|Any CPU
		{4F7DD775-0B03-408E-B600-B844CF36993B}.Release|Any CPU.ActiveCfg = Release|Any CPU
		{4F7DD775-0B03-408E-B600-B844CF36993B}.Release|Any CPU.Build.0 = Release|Any CPU
	EndGlobalSection
	GlobalSection(SolutionProperties) = preSolution
		HideSolutionNode = FALSE
	EndGlobalSection
	GlobalSection(NestedProjects) = preSolution
		{5AA4BE04-6AB3-4ACB-A5C7-2B399ED85AB1} = {5C268757-C28D-4B3D-BC42-1D7440BD49F5}
		{5AAAD360-E2F3-4ECC-83CF-BE5DC3C87A01} = {5C268757-C28D-4B3D-BC42-1D7440BD49F5}
		{3C6F90F4-8084-4C11-B0D0-1D8670287C3D} = {5C268757-C28D-4B3D-BC42-1D7440BD49F5}
		{527ED8A3-FEA6-4711-A85D-4DC26705A966} = {5C268757-C28D-4B3D-BC42-1D7440BD49F5}
		{C689E27D-A5EB-4EFD-86F5-56A45317C20D} = {5C268757-C28D-4B3D-BC42-1D7440BD49F5}
		{C379FE59-A12C-4802-9696-5035737C5F87} = {5C268757-C28D-4B3D-BC42-1D7440BD49F5}
		{3E64466A-6AC7-4D1C-A3E2-29B1B4B87090} = {5C268757-C28D-4B3D-BC42-1D7440BD49F5}
		{592DEFD6-65E5-4AC0-AEDA-4A7C9CE8963A} = {D3F384FC-00F0-4BA8-8D5F-E206CFD8ED7A}
		{36FFCC65-8898-4682-BE39-0564B263DE87} = {D3F384FC-00F0-4BA8-8D5F-E206CFD8ED7A}
		{8FB0260F-7F53-4BA6-9FC9-B2AE42EF598C} = {D3F384FC-00F0-4BA8-8D5F-E206CFD8ED7A}
		{4FF8CA9D-67D4-4C59-903C-C75E57153AC0} = {D3F384FC-00F0-4BA8-8D5F-E206CFD8ED7A}
		{3FEC308C-B395-4193-8EB8-90E3F50407C2} = {D3F384FC-00F0-4BA8-8D5F-E206CFD8ED7A}
		{194B2EFD-82E6-4CDC-BE4F-3E8F0F63221F} = {D3F384FC-00F0-4BA8-8D5F-E206CFD8ED7A}
		{1E22163C-277C-4D2E-8B0D-15FC036A8E41} = {D3F384FC-00F0-4BA8-8D5F-E206CFD8ED7A}
		{F2D6A651-8F53-40C0-9A61-B9EFD9E8A98A} = {D3F384FC-00F0-4BA8-8D5F-E206CFD8ED7A}
		{6502E9C4-0D66-4AB2-B859-AD6D1B2C7F6B} = {D3F384FC-00F0-4BA8-8D5F-E206CFD8ED7A}
		{FCB0F298-FB7C-44C9-A092-B5B56ACA8CAB} = {D3F384FC-00F0-4BA8-8D5F-E206CFD8ED7A}
		{BCB10645-4187-4EFA-A60A-64404B03186F} = {D3F384FC-00F0-4BA8-8D5F-E206CFD8ED7A}
		{169419AC-40FC-4EF8-BD39-5B10E1546788} = {D3F384FC-00F0-4BA8-8D5F-E206CFD8ED7A}
		{5125B10C-CAB9-44E2-9000-F087596EB186} = {D3F384FC-00F0-4BA8-8D5F-E206CFD8ED7A}
		{220CC86E-2F6D-4889-A161-6FC06C168985} = {D3F384FC-00F0-4BA8-8D5F-E206CFD8ED7A}
		{DBB60946-A9C7-4BBB-8B30-6E98A620B7C9} = {D3F384FC-00F0-4BA8-8D5F-E206CFD8ED7A}
		{A687EAF8-0B71-498A-9EAB-076C8A3945E4} = {D3F384FC-00F0-4BA8-8D5F-E206CFD8ED7A}
		{F75D2A21-17E1-4D20-9DAA-9D9DBB2089C8} = {D3F384FC-00F0-4BA8-8D5F-E206CFD8ED7A}
		{0F443284-AF14-4717-880D-C75FFA98EECB} = {D3F384FC-00F0-4BA8-8D5F-E206CFD8ED7A}
		{63AD997D-C0F4-4E38-B8FC-B10C0786403B} = {D3F384FC-00F0-4BA8-8D5F-E206CFD8ED7A}
		{AF2C471E-E544-456F-B33D-990866F63C07} = {D3F384FC-00F0-4BA8-8D5F-E206CFD8ED7A}
		{E0627075-911C-4E11-9BDB-910137A3A519} = {D3F384FC-00F0-4BA8-8D5F-E206CFD8ED7A}
		{450C1725-8624-4D36-8B7B-E240CC7AC335} = {D3F384FC-00F0-4BA8-8D5F-E206CFD8ED7A}
		{BCA0D080-057A-4DA1-BE98-936FA4F60DC2} = {D3F384FC-00F0-4BA8-8D5F-E206CFD8ED7A}
		{C60F40AB-0B2B-4B34-99E4-08F94E041F52} = {D3F384FC-00F0-4BA8-8D5F-E206CFD8ED7A}
		{02EA681E-C7D8-13C7-8484-4AC65E1B71E8} = {5D3F7972-C482-4906-A06D-B5F6E6308118}
		{61E25161-1890-403A-AEAF-1FF9E7D26170} = {02EA681E-C7D8-13C7-8484-4AC65E1B71E8}
		{231B6117-9299-4FCF-AC5E-3C3D8999A522} = {5D3F7972-C482-4906-A06D-B5F6E6308118}
		{83A9CC81-EE7F-4C37-9A2A-35758A9FFC21} = {231B6117-9299-4FCF-AC5E-3C3D8999A522}
		{CAE96D20-44CC-4BBF-ACA7-E776ED2A9B17} = {5D3F7972-C482-4906-A06D-B5F6E6308118}
		{5C6A13DC-0490-ED26-0742-EAC5EE7D8FBA} = {CAE96D20-44CC-4BBF-ACA7-E776ED2A9B17}
		{EBFB375C-08E4-1E40-8179-41CB8B8F610C} = {CAE96D20-44CC-4BBF-ACA7-E776ED2A9B17}
		{52B9121B-D2F1-53F3-9DD7-B7C6E73761A9} = {CAE96D20-44CC-4BBF-ACA7-E776ED2A9B17}
		{9ED25139-6D22-A951-A372-0EC60EE8D8DF} = {CAE96D20-44CC-4BBF-ACA7-E776ED2A9B17}
		{7BB6338E-7CC3-5681-538F-F2AB5F4C66EA} = {CAE96D20-44CC-4BBF-ACA7-E776ED2A9B17}
		{3D606429-A4BD-C755-3E1F-44467D0C11E7} = {CAE96D20-44CC-4BBF-ACA7-E776ED2A9B17}
		{714D191B-B137-D8D0-CBA4-EC8EB08BF3EC} = {CAE96D20-44CC-4BBF-ACA7-E776ED2A9B17}
		{5CC70FED-C089-CA36-C919-211080852DC0} = {CAE96D20-44CC-4BBF-ACA7-E776ED2A9B17}
		{33805D26-1821-3219-BF68-9612CF993A9F} = {CAE96D20-44CC-4BBF-ACA7-E776ED2A9B17}
		{FDB82B36-BF7F-72AC-3B09-00DF90935C3F} = {CAE96D20-44CC-4BBF-ACA7-E776ED2A9B17}
		{4FDE4B75-FC13-D104-8815-BD5E90143536} = {CAE96D20-44CC-4BBF-ACA7-E776ED2A9B17}
		{29FAE550-EA95-68A6-5107-B729BA1B99B2} = {CAE96D20-44CC-4BBF-ACA7-E776ED2A9B17}
		{BFBEB0EB-94B9-18C9-4BE9-B54167BA826D} = {CAE96D20-44CC-4BBF-ACA7-E776ED2A9B17}
		{12C195A3-EE77-3C8A-2D72-A92AE073FFDE} = {CAE96D20-44CC-4BBF-ACA7-E776ED2A9B17}
		{CCED423F-1A2D-F382-E0D2-FBC453A85EFD} = {CAE96D20-44CC-4BBF-ACA7-E776ED2A9B17}
		{6205A0F6-2A73-F23E-D553-DA8AA92E00D7} = {CAE96D20-44CC-4BBF-ACA7-E776ED2A9B17}
		{CECFE842-65E8-D569-601A-8E183CC72D13} = {CAE96D20-44CC-4BBF-ACA7-E776ED2A9B17}
		{DA3F27B2-8667-E918-807D-21D116E9423A} = {CAE96D20-44CC-4BBF-ACA7-E776ED2A9B17}
		{B489910D-55F0-3FC2-4DD2-0BDA33A5CD92} = {CAE96D20-44CC-4BBF-ACA7-E776ED2A9B17}
		{3AD99979-2DDC-61D5-E164-D37F0419CE2C} = {CAE96D20-44CC-4BBF-ACA7-E776ED2A9B17}
		{3F451F57-1AD7-0322-C782-680732E9DC92} = {CAE96D20-44CC-4BBF-ACA7-E776ED2A9B17}
		{2F6F68B6-90D7-75E3-E06C-8B33928EB084} = {CAE96D20-44CC-4BBF-ACA7-E776ED2A9B17}
		{84363EA3-A0C0-8415-7BA6-401AFDF75959} = {CAE96D20-44CC-4BBF-ACA7-E776ED2A9B17}
		{CD8D79A0-094C-4400-643B-C5CAE1CDF8D0} = {CAE96D20-44CC-4BBF-ACA7-E776ED2A9B17}
		{676E693F-8E9C-EB32-1159-00BB8CFDB357} = {CAE96D20-44CC-4BBF-ACA7-E776ED2A9B17}
		{2978172E-CEBB-1083-6191-2B6CA86A34AD} = {CAE96D20-44CC-4BBF-ACA7-E776ED2A9B17}
		{18AA0B59-317C-C37E-0ACE-1C83489D93C3} = {CAE96D20-44CC-4BBF-ACA7-E776ED2A9B17}
		{1FB74915-41C2-6353-39E2-277ACCF8022B} = {CAE96D20-44CC-4BBF-ACA7-E776ED2A9B17}
		{A91FA03B-7301-C396-60FB-D250AA4B5D8B} = {CAE96D20-44CC-4BBF-ACA7-E776ED2A9B17}
		{C659C18D-282C-D565-2348-17438FCC8765} = {CAE96D20-44CC-4BBF-ACA7-E776ED2A9B17}
		{4A85A73A-D6F1-2E84-02CC-1F6FD630A0F5} = {CAE96D20-44CC-4BBF-ACA7-E776ED2A9B17}
		{B26B7B5E-DF51-7F90-1406-B5D147CDA58D} = {CAE96D20-44CC-4BBF-ACA7-E776ED2A9B17}
		{7851ADA1-994D-4C71-8325-96C9B0F88122} = {5D3F7972-C482-4906-A06D-B5F6E6308118}
		{96100134-A263-0F8B-0F15-FB564D5BE78C} = {7851ADA1-994D-4C71-8325-96C9B0F88122}
		{32E63727-E3EE-407B-9131-5289CB245965} = {231B6117-9299-4FCF-AC5E-3C3D8999A522}
		{4F7DD775-0B03-408E-B600-B844CF36993B} = {231B6117-9299-4FCF-AC5E-3C3D8999A522}
	EndGlobalSection
	GlobalSection(ExtensibilityGlobals) = postSolution
		SolutionGuid = {5CDAD7D8-E007-4C22-9283-835978ACCBB6}
	EndGlobalSection
EndGlobal
