
Microsoft Visual Studio Solution File, Format Version 12.00
# Visual Studio Version 17
VisualStudioVersion = 17.12.35527.113
MinimumVisualStudioVersion = 10.0.40219.1
Project("{2150E333-8FDC-42A3-9474-1A3956D46DE8}") = "CSharpEssential", "CSharpEssential", "{5D3F7972-C482-4906-A06D-B5F6E6308118}"
EndProject
Project("{FAE04EC0-301F-11D3-BF4B-00C04F79EFBC}") = "Enumerable.GroupJoin", "CSharpEssential\Enumerable.GroupJoin\Enumerable.GroupJoin.csproj", "{346B63A9-E3F2-4704-ADFB-819DB2AEC4E9}"
EndProject
Project("{FAE04EC0-301F-11D3-BF4B-00C04F79EFBC}") = "Enumerable.Join", "CSharpEssential\Enumerable.Join\Enumerable.Join.csproj", "{092F3DBB-5820-4C45-98B8-20757DF66E04}"
EndProject
Project("{FAE04EC0-301F-11D3-BF4B-00C04F79EFBC}") = "Enumerable.Count", "CSharpEssential\Enumerable.Count\Enumerable.Count.csproj", "{2217F6C4-C584-4CC2-B149-84726F5F573F}"
EndProject
Project("{FAE04EC0-301F-11D3-BF4B-00C04F79EFBC}") = "Enumerable.Distinct", "CSharpEssential\Enumerable.Distinct\Enumerable.Distinct.csproj", "{66DFD564-F95E-4301-9444-B6B13F02C272}"
EndProject
Project("{FAE04EC0-301F-11D3-BF4B-00C04F79EFBC}") = "Enumerable.OfType", "CSharpEssential\Enumerable.OfType\Enumerable.OfType.csproj", "{A5E5EF75-8447-4D01-8C26-3018FBAF0B5E}"
EndProject
Project("{FAE04EC0-301F-11D3-BF4B-00C04F79EFBC}") = "Enumerable.Max_MaxBy", "CSharpEssential\Enumerable.Max_MaxBy\Enumerable.Max_MaxBy.csproj", "{4A8BA0EA-9C74-4752-A67A-0D0B0D2FF057}"
EndProject
Project("{FAE04EC0-301F-11D3-BF4B-00C04F79EFBC}") = "Enumerable.Min_MinBy", "CSharpEssential\Enumerable.Min_MinBy\Enumerable.Min_MinBy.csproj", "{48D2BB0D-D59B-4B2B-9B8E-4B394F181D30}"
EndProject
Project("{FAE04EC0-301F-11D3-BF4B-00C04F79EFBC}") = "Enumerable.Average", "CSharpEssential\Enumerable.Average\Enumerable.Average.csproj", "{B2AEE5CA-13D6-455F-9A5D-839E78B17DC6}"
EndProject
Project("{FAE04EC0-301F-11D3-BF4B-00C04F79EFBC}") = "Enumerable.Sum", "CSharpEssential\Enumerable.Sum\Enumerable.Sum.csproj", "{940FC00A-78FD-4A9F-9DF6-161D3B8DF04F}"
EndProject
Project("{FAE04EC0-301F-11D3-BF4B-00C04F79EFBC}") = "Enumerable.DistinctBy", "CSharpEssential\Enumerable.DistinctBy\Enumerable.DistinctBy.csproj", "{FACEACCA-6C86-401D-AC05-077615F47652}"
EndProject
Project("{FAE04EC0-301F-11D3-BF4B-00C04F79EFBC}") = "Enumerable.Where", "CSharpEssential\Enumerable.Where\Enumerable.Where.csproj", "{0334F533-9AEF-47CE-B5AB-E6D0FDBAA8BF}"
EndProject
Project("{2150E333-8FDC-42A3-9474-1A3956D46DE8}") = "MiniExcel", "MiniExcel", "{5C268757-C28D-4B3D-BC42-1D7440BD49F5}"
EndProject
Project("{FAE04EC0-301F-11D3-BF4B-00C04F79EFBC}") = "Keywords.Dynamic", "CSharpEssential\Keywords.Dynamic\Keywords.Dynamic.csproj", "{12E79A14-A207-4D3F-943F-C19FE09C459C}"
EndProject
Project("{FAE04EC0-301F-11D3-BF4B-00C04F79EFBC}") = "Dynamic.Test", "CSharpEssential\Dynamic.Test\Dynamic.Test.csproj", "{B2494F17-DD32-4D9A-B8AA-F022C1D95958}"
EndProject
Project("{FAE04EC0-301F-11D3-BF4B-00C04F79EFBC}") = "UseCase_GetSheetNames", "MiniExcel\UseCase_GetSheetNames\UseCase_GetSheetNames.csproj", "{5AA4BE04-6AB3-4ACB-A5C7-2B399ED85AB1}"
EndProject
Project("{FAE04EC0-301F-11D3-BF4B-00C04F79EFBC}") = "UseCase_Query", "MiniExcel\UseCase_Query\UseCase_Query.csproj", "{5AAAD360-E2F3-4ECC-83CF-BE5DC3C87A01}"
EndProject
Project("{FAE04EC0-301F-11D3-BF4B-00C04F79EFBC}") = "UseCase_GetColumns", "MiniExcel\UseCase_GetColumns\UseCase_GetColumns.csproj", "{3C6F90F4-8084-4C11-B0D0-1D8670287C3D}"
EndProject
Project("{FAE04EC0-301F-11D3-BF4B-00C04F79EFBC}") = "TestConsole", "CSharpEssential\TestConsole\TestConsole.csproj", "{BDE96E02-13DA-4694-834A-D2158308CFC3}"
EndProject
Project("{FAE04EC0-301F-11D3-BF4B-00C04F79EFBC}") = "UseCase_QueryRange", "MiniExcel\UseCase_QueryRange\UseCase_QueryRange.csproj", "{527ED8A3-FEA6-4711-A85D-4DC26705A966}"
EndProject
Project("{FAE04EC0-301F-11D3-BF4B-00C04F79EFBC}") = "UseCase_QueryAsDataTable", "MiniExcel\UseCase_QueryAsDataTable\UseCase_QueryAsDataTable.csproj", "{C689E27D-A5EB-4EFD-86F5-56A45317C20D}"
EndProject
Project("{FAE04EC0-301F-11D3-BF4B-00C04F79EFBC}") = "UseCase_FillMergedCellsQuery", "MiniExcel\UseCase_FillMergedCellsQuery\UseCase_FillMergedCellsQuery.csproj", "{C379FE59-A12C-4802-9696-5035737C5F87}"
EndProject
Project("{FAE04EC0-301F-11D3-BF4B-00C04F79EFBC}") = "Code_18.1", "CSharpEssential\Code_18.1\Code_18.1.csproj", "{F50BBDFA-7BE4-4998-8625-E319A14AB902}"
EndProject
Project("{FAE04EC0-301F-11D3-BF4B-00C04F79EFBC}") = "Code_16.1", "CSharpEssential\Code_16.1\Code_16.1.csproj", "{F4054311-6575-4796-B703-F02381860508}"
EndProject
Project("{FAE04EC0-301F-11D3-BF4B-00C04F79EFBC}") = "Code_Test", "CSharpEssential\Code_Test\Code_Test.csproj", "{2B819B9D-17CA-4628-9572-19C08F861AD9}"
EndProject
Project("{FAE04EC0-301F-11D3-BF4B-00C04F79EFBC}") = "Code_16.2", "CSharpEssential\Code_16.2\Code_16.2.csproj", "{B6E264CA-7FCD-4512-9393-31A852AA8769}"
EndProject
Project("{FAE04EC0-301F-11D3-BF4B-00C04F79EFBC}") = "Code_16.3", "CSharpEssential\Code_16.3\Code_16.3.csproj", "{D6BE6748-E597-4016-BE83-9010B98953EA}"
EndProject
Project("{FAE04EC0-301F-11D3-BF4B-00C04F79EFBC}") = "Code_16.4", "CSharpEssential\Code_16.4\Code_16.4.csproj", "{3BDEDA19-ACD0-46F4-9992-E6658DD7B35B}"
EndProject
Project("{FAE04EC0-301F-11D3-BF4B-00C04F79EFBC}") = "Code_16.5", "CSharpEssential\Code_16.5\Code_16.5.csproj", "{C7837055-0CEF-4748-8E4F-9540BB705373}"
EndProject
Project("{FAE04EC0-301F-11D3-BF4B-00C04F79EFBC}") = "Code_16.6", "CSharpEssential\Code_16.6\Code_16.6.csproj", "{86EB13F9-139F-47D4-9218-333E722804FA}"
EndProject
Project("{FAE04EC0-301F-11D3-BF4B-00C04F79EFBC}") = "Code_16.7", "CSharpEssential\Code_16.7\Code_16.7.csproj", "{4886AD29-8513-45B2-832D-076934E211F4}"
EndProject
Project("{FAE04EC0-301F-11D3-BF4B-00C04F79EFBC}") = "Code_16.8", "CSharpEssential\Code_16.8\Code_16.8.csproj", "{30DED9B1-A6E6-41AC-B3C7-CC39E1F2A076}"
EndProject
Project("{FAE04EC0-301F-11D3-BF4B-00C04F79EFBC}") = "Code_16.9", "CSharpEssential\Code_16.9\Code_16.9.csproj", "{E494AF85-C88F-41FA-BA0A-CFE7C7112F5E}"
EndProject
Project("{FAE04EC0-301F-11D3-BF4B-00C04F79EFBC}") = "Code_16.10", "CSharpEssential\Code_16.10\Code_16.10.csproj", "{1825873B-5487-438F-88F6-931D8E6FE4B7}"
EndProject
Project("{FAE04EC0-301F-11D3-BF4B-00C04F79EFBC}") = "Code_16.11", "CSharpEssential\Code_16.11\Code_16.11.csproj", "{EF58FC77-54C4-4B6C-897A-C6C290A2DA23}"
EndProject
Project("{FAE04EC0-301F-11D3-BF4B-00C04F79EFBC}") = "Code_16.12", "CSharpEssential\Code_16.12\Code_16.12.csproj", "{9E830287-3199-45BD-A180-3EFFB6B7E8B7}"
EndProject
Project("{FAE04EC0-301F-11D3-BF4B-00C04F79EFBC}") = "Code_16.13", "CSharpEssential\Code_16.13\Code_16.13.csproj", "{C196D59C-7E3C-4E5A-899E-7FCDDBE467F7}"
EndProject
Project("{FAE04EC0-301F-11D3-BF4B-00C04F79EFBC}") = "Code_16.14", "CSharpEssential\Code_16.14\Code_16.14.csproj", "{3970C752-9387-4E4D-923D-5228EECE9774}"
EndProject
Project("{FAE04EC0-301F-11D3-BF4B-00C04F79EFBC}") = "Code_16.15", "CSharpEssential\Code_16.15\Code_16.15.csproj", "{3E6EC3A7-1F36-45C3-94CE-7DD26223DBBC}"
EndProject
Project("{FAE04EC0-301F-11D3-BF4B-00C04F79EFBC}") = "UseCase_Linq", "MiniExcel\UseCase_Linq\UseCase_Linq.csproj", "{3E64466A-6AC7-4D1C-A3E2-29B1B4B87090}"
EndProject
Project("{FAE04EC0-301F-11D3-BF4B-00C04F79EFBC}") = "Code_15.1", "CSharpEssential\Code_15.1\Code_15.1.csproj", "{568C8E0A-3D14-43B9-9624-A0C2552AE12C}"
EndProject
Project("{FAE04EC0-301F-11D3-BF4B-00C04F79EFBC}") = "Code_foreach", "CSharpEssential\Code_foreach\Code_foreach.csproj", "{147F2315-2420-4C16-BF25-D0368A17A527}"
EndProject
Project("{FAE04EC0-301F-11D3-BF4B-00C04F79EFBC}") = "LINQ_Where", "CSharpEssential\LINQ_Where\LINQ_Where.csproj", "{47EC32B4-7C15-4C58-8396-FD0E1ACDBC98}"
EndProject
Project("{FAE04EC0-301F-11D3-BF4B-00C04F79EFBC}") = "LINQ_ElementAt", "CSharpEssential\LINQ_ElementAt\LINQ_ElementAt.csproj", "{3803BCCC-1F2C-470D-9F73-C178FC569BFF}"
EndProject
Project("{FAE04EC0-301F-11D3-BF4B-00C04F79EFBC}") = "Code_FirstOrLast", "CSharpEssential\Code_FirstOrLast\Code_FirstOrLast.csproj", "{58E8F319-10EF-4509-98FE-E8E1B1112BE1}"
EndProject
Project("{FAE04EC0-301F-11D3-BF4B-00C04F79EFBC}") = "Code_DefaultIfEmpty", "CSharpEssential\Code_DefaultIfEmpty\Code_DefaultIfEmpty.csproj", "{EA1C097F-53C2-4533-8A8B-64C6188CC5DA}"
EndProject
Project("{FAE04EC0-301F-11D3-BF4B-00C04F79EFBC}") = "Code_Single", "CSharpEssential\Code_Single\Code_Single.csproj", "{9A44DDFC-48EE-483E-94FE-52CDC801709F}"
EndProject
Project("{FAE04EC0-301F-11D3-BF4B-00C04F79EFBC}") = "Code_Select", "CSharpEssential\Code_Select\Code_Select.csproj", "{8D5B6A64-CB2E-407D-B52C-D957D4BA8207}"
EndProject
Global
	GlobalSection(SolutionConfigurationPlatforms) = preSolution
		Debug|Any CPU = Debug|Any CPU
		Release|Any CPU = Release|Any CPU
	EndGlobalSection
	GlobalSection(ProjectConfigurationPlatforms) = postSolution
		{346B63A9-E3F2-4704-ADFB-819DB2AEC4E9}.Debug|Any CPU.ActiveCfg = Debug|Any CPU
		{346B63A9-E3F2-4704-ADFB-819DB2AEC4E9}.Debug|Any CPU.Build.0 = Debug|Any CPU
		{346B63A9-E3F2-4704-ADFB-819DB2AEC4E9}.Release|Any CPU.ActiveCfg = Release|Any CPU
		{346B63A9-E3F2-4704-ADFB-819DB2AEC4E9}.Release|Any CPU.Build.0 = Release|Any CPU
		{092F3DBB-5820-4C45-98B8-20757DF66E04}.Debug|Any CPU.ActiveCfg = Debug|Any CPU
		{092F3DBB-5820-4C45-98B8-20757DF66E04}.Debug|Any CPU.Build.0 = Debug|Any CPU
		{092F3DBB-5820-4C45-98B8-20757DF66E04}.Release|Any CPU.ActiveCfg = Release|Any CPU
		{092F3DBB-5820-4C45-98B8-20757DF66E04}.Release|Any CPU.Build.0 = Release|Any CPU
		{2217F6C4-C584-4CC2-B149-84726F5F573F}.Debug|Any CPU.ActiveCfg = Debug|Any CPU
		{2217F6C4-C584-4CC2-B149-84726F5F573F}.Debug|Any CPU.Build.0 = Debug|Any CPU
		{2217F6C4-C584-4CC2-B149-84726F5F573F}.Release|Any CPU.ActiveCfg = Release|Any CPU
		{2217F6C4-C584-4CC2-B149-84726F5F573F}.Release|Any CPU.Build.0 = Release|Any CPU
		{66DFD564-F95E-4301-9444-B6B13F02C272}.Debug|Any CPU.ActiveCfg = Debug|Any CPU
		{66DFD564-F95E-4301-9444-B6B13F02C272}.Debug|Any CPU.Build.0 = Debug|Any CPU
		{66DFD564-F95E-4301-9444-B6B13F02C272}.Release|Any CPU.ActiveCfg = Release|Any CPU
		{66DFD564-F95E-4301-9444-B6B13F02C272}.Release|Any CPU.Build.0 = Release|Any CPU
		{A5E5EF75-8447-4D01-8C26-3018FBAF0B5E}.Debug|Any CPU.ActiveCfg = Debug|Any CPU
		{A5E5EF75-8447-4D01-8C26-3018FBAF0B5E}.Debug|Any CPU.Build.0 = Debug|Any CPU
		{A5E5EF75-8447-4D01-8C26-3018FBAF0B5E}.Release|Any CPU.ActiveCfg = Release|Any CPU
		{A5E5EF75-8447-4D01-8C26-3018FBAF0B5E}.Release|Any CPU.Build.0 = Release|Any CPU
		{4A8BA0EA-9C74-4752-A67A-0D0B0D2FF057}.Debug|Any CPU.ActiveCfg = Debug|Any CPU
		{4A8BA0EA-9C74-4752-A67A-0D0B0D2FF057}.Debug|Any CPU.Build.0 = Debug|Any CPU
		{4A8BA0EA-9C74-4752-A67A-0D0B0D2FF057}.Release|Any CPU.ActiveCfg = Release|Any CPU
		{4A8BA0EA-9C74-4752-A67A-0D0B0D2FF057}.Release|Any CPU.Build.0 = Release|Any CPU
		{48D2BB0D-D59B-4B2B-9B8E-4B394F181D30}.Debug|Any CPU.ActiveCfg = Debug|Any CPU
		{48D2BB0D-D59B-4B2B-9B8E-4B394F181D30}.Debug|Any CPU.Build.0 = Debug|Any CPU
		{48D2BB0D-D59B-4B2B-9B8E-4B394F181D30}.Release|Any CPU.ActiveCfg = Release|Any CPU
		{48D2BB0D-D59B-4B2B-9B8E-4B394F181D30}.Release|Any CPU.Build.0 = Release|Any CPU
		{B2AEE5CA-13D6-455F-9A5D-839E78B17DC6}.Debug|Any CPU.ActiveCfg = Debug|Any CPU
		{B2AEE5CA-13D6-455F-9A5D-839E78B17DC6}.Debug|Any CPU.Build.0 = Debug|Any CPU
		{B2AEE5CA-13D6-455F-9A5D-839E78B17DC6}.Release|Any CPU.ActiveCfg = Release|Any CPU
		{B2AEE5CA-13D6-455F-9A5D-839E78B17DC6}.Release|Any CPU.Build.0 = Release|Any CPU
		{940FC00A-78FD-4A9F-9DF6-161D3B8DF04F}.Debug|Any CPU.ActiveCfg = Debug|Any CPU
		{940FC00A-78FD-4A9F-9DF6-161D3B8DF04F}.Debug|Any CPU.Build.0 = Debug|Any CPU
		{940FC00A-78FD-4A9F-9DF6-161D3B8DF04F}.Release|Any CPU.ActiveCfg = Release|Any CPU
		{940FC00A-78FD-4A9F-9DF6-161D3B8DF04F}.Release|Any CPU.Build.0 = Release|Any CPU
		{FACEACCA-6C86-401D-AC05-077615F47652}.Debug|Any CPU.ActiveCfg = Debug|Any CPU
		{FACEACCA-6C86-401D-AC05-077615F47652}.Debug|Any CPU.Build.0 = Debug|Any CPU
		{FACEACCA-6C86-401D-AC05-077615F47652}.Release|Any CPU.ActiveCfg = Release|Any CPU
		{FACEACCA-6C86-401D-AC05-077615F47652}.Release|Any CPU.Build.0 = Release|Any CPU
		{0334F533-9AEF-47CE-B5AB-E6D0FDBAA8BF}.Debug|Any CPU.ActiveCfg = Debug|Any CPU
		{0334F533-9AEF-47CE-B5AB-E6D0FDBAA8BF}.Debug|Any CPU.Build.0 = Debug|Any CPU
		{0334F533-9AEF-47CE-B5AB-E6D0FDBAA8BF}.Release|Any CPU.ActiveCfg = Release|Any CPU
		{0334F533-9AEF-47CE-B5AB-E6D0FDBAA8BF}.Release|Any CPU.Build.0 = Release|Any CPU
		{12E79A14-A207-4D3F-943F-C19FE09C459C}.Debug|Any CPU.ActiveCfg = Debug|Any CPU
		{12E79A14-A207-4D3F-943F-C19FE09C459C}.Debug|Any CPU.Build.0 = Debug|Any CPU
		{12E79A14-A207-4D3F-943F-C19FE09C459C}.Release|Any CPU.ActiveCfg = Release|Any CPU
		{12E79A14-A207-4D3F-943F-C19FE09C459C}.Release|Any CPU.Build.0 = Release|Any CPU
		{B2494F17-DD32-4D9A-B8AA-F022C1D95958}.Debug|Any CPU.ActiveCfg = Debug|Any CPU
		{B2494F17-DD32-4D9A-B8AA-F022C1D95958}.Debug|Any CPU.Build.0 = Debug|Any CPU
		{B2494F17-DD32-4D9A-B8AA-F022C1D95958}.Release|Any CPU.ActiveCfg = Release|Any CPU
		{B2494F17-DD32-4D9A-B8AA-F022C1D95958}.Release|Any CPU.Build.0 = Release|Any CPU
		{5AA4BE04-6AB3-4ACB-A5C7-2B399ED85AB1}.Debug|Any CPU.ActiveCfg = Debug|Any CPU
		{5AA4BE04-6AB3-4ACB-A5C7-2B399ED85AB1}.Debug|Any CPU.Build.0 = Debug|Any CPU
		{5AA4BE04-6AB3-4ACB-A5C7-2B399ED85AB1}.Release|Any CPU.ActiveCfg = Release|Any CPU
		{5AA4BE04-6AB3-4ACB-A5C7-2B399ED85AB1}.Release|Any CPU.Build.0 = Release|Any CPU
		{5AAAD360-E2F3-4ECC-83CF-BE5DC3C87A01}.Debug|Any CPU.ActiveCfg = Debug|Any CPU
		{5AAAD360-E2F3-4ECC-83CF-BE5DC3C87A01}.Debug|Any CPU.Build.0 = Debug|Any CPU
		{5AAAD360-E2F3-4ECC-83CF-BE5DC3C87A01}.Release|Any CPU.ActiveCfg = Release|Any CPU
		{5AAAD360-E2F3-4ECC-83CF-BE5DC3C87A01}.Release|Any CPU.Build.0 = Release|Any CPU
		{3C6F90F4-8084-4C11-B0D0-1D8670287C3D}.Debug|Any CPU.ActiveCfg = Debug|Any CPU
		{3C6F90F4-8084-4C11-B0D0-1D8670287C3D}.Debug|Any CPU.Build.0 = Debug|Any CPU
		{3C6F90F4-8084-4C11-B0D0-1D8670287C3D}.Release|Any CPU.ActiveCfg = Release|Any CPU
		{3C6F90F4-8084-4C11-B0D0-1D8670287C3D}.Release|Any CPU.Build.0 = Release|Any CPU
		{BDE96E02-13DA-4694-834A-D2158308CFC3}.Debug|Any CPU.ActiveCfg = Debug|Any CPU
		{BDE96E02-13DA-4694-834A-D2158308CFC3}.Debug|Any CPU.Build.0 = Debug|Any CPU
		{BDE96E02-13DA-4694-834A-D2158308CFC3}.Release|Any CPU.ActiveCfg = Release|Any CPU
		{BDE96E02-13DA-4694-834A-D2158308CFC3}.Release|Any CPU.Build.0 = Release|Any CPU
		{527ED8A3-FEA6-4711-A85D-4DC26705A966}.Debug|Any CPU.ActiveCfg = Debug|Any CPU
		{527ED8A3-FEA6-4711-A85D-4DC26705A966}.Debug|Any CPU.Build.0 = Debug|Any CPU
		{527ED8A3-FEA6-4711-A85D-4DC26705A966}.Release|Any CPU.ActiveCfg = Release|Any CPU
		{527ED8A3-FEA6-4711-A85D-4DC26705A966}.Release|Any CPU.Build.0 = Release|Any CPU
		{C689E27D-A5EB-4EFD-86F5-56A45317C20D}.Debug|Any CPU.ActiveCfg = Debug|Any CPU
		{C689E27D-A5EB-4EFD-86F5-56A45317C20D}.Debug|Any CPU.Build.0 = Debug|Any CPU
		{C689E27D-A5EB-4EFD-86F5-56A45317C20D}.Release|Any CPU.ActiveCfg = Release|Any CPU
		{C689E27D-A5EB-4EFD-86F5-56A45317C20D}.Release|Any CPU.Build.0 = Release|Any CPU
		{C379FE59-A12C-4802-9696-5035737C5F87}.Debug|Any CPU.ActiveCfg = Debug|Any CPU
		{C379FE59-A12C-4802-9696-5035737C5F87}.Debug|Any CPU.Build.0 = Debug|Any CPU
		{C379FE59-A12C-4802-9696-5035737C5F87}.Release|Any CPU.ActiveCfg = Release|Any CPU
		{C379FE59-A12C-4802-9696-5035737C5F87}.Release|Any CPU.Build.0 = Release|Any CPU
		{F50BBDFA-7BE4-4998-8625-E319A14AB902}.Debug|Any CPU.ActiveCfg = Debug|Any CPU
		{F50BBDFA-7BE4-4998-8625-E319A14AB902}.Debug|Any CPU.Build.0 = Debug|Any CPU
		{F50BBDFA-7BE4-4998-8625-E319A14AB902}.Release|Any CPU.ActiveCfg = Release|Any CPU
		{F50BBDFA-7BE4-4998-8625-E319A14AB902}.Release|Any CPU.Build.0 = Release|Any CPU
		{F4054311-6575-4796-B703-F02381860508}.Debug|Any CPU.ActiveCfg = Debug|Any CPU
		{F4054311-6575-4796-B703-F02381860508}.Debug|Any CPU.Build.0 = Debug|Any CPU
		{F4054311-6575-4796-B703-F02381860508}.Release|Any CPU.ActiveCfg = Release|Any CPU
		{F4054311-6575-4796-B703-F02381860508}.Release|Any CPU.Build.0 = Release|Any CPU
		{2B819B9D-17CA-4628-9572-19C08F861AD9}.Debug|Any CPU.ActiveCfg = Debug|Any CPU
		{2B819B9D-17CA-4628-9572-19C08F861AD9}.Debug|Any CPU.Build.0 = Debug|Any CPU
		{2B819B9D-17CA-4628-9572-19C08F861AD9}.Release|Any CPU.ActiveCfg = Release|Any CPU
		{2B819B9D-17CA-4628-9572-19C08F861AD9}.Release|Any CPU.Build.0 = Release|Any CPU
		{B6E264CA-7FCD-4512-9393-31A852AA8769}.Debug|Any CPU.ActiveCfg = Debug|Any CPU
		{B6E264CA-7FCD-4512-9393-31A852AA8769}.Debug|Any CPU.Build.0 = Debug|Any CPU
		{B6E264CA-7FCD-4512-9393-31A852AA8769}.Release|Any CPU.ActiveCfg = Release|Any CPU
		{B6E264CA-7FCD-4512-9393-31A852AA8769}.Release|Any CPU.Build.0 = Release|Any CPU
		{D6BE6748-E597-4016-BE83-9010B98953EA}.Debug|Any CPU.ActiveCfg = Debug|Any CPU
		{D6BE6748-E597-4016-BE83-9010B98953EA}.Debug|Any CPU.Build.0 = Debug|Any CPU
		{D6BE6748-E597-4016-BE83-9010B98953EA}.Release|Any CPU.ActiveCfg = Release|Any CPU
		{D6BE6748-E597-4016-BE83-9010B98953EA}.Release|Any CPU.Build.0 = Release|Any CPU
		{3BDEDA19-ACD0-46F4-9992-E6658DD7B35B}.Debug|Any CPU.ActiveCfg = Debug|Any CPU
		{3BDEDA19-ACD0-46F4-9992-E6658DD7B35B}.Debug|Any CPU.Build.0 = Debug|Any CPU
		{3BDEDA19-ACD0-46F4-9992-E6658DD7B35B}.Release|Any CPU.ActiveCfg = Release|Any CPU
		{3BDEDA19-ACD0-46F4-9992-E6658DD7B35B}.Release|Any CPU.Build.0 = Release|Any CPU
		{C7837055-0CEF-4748-8E4F-9540BB705373}.Debug|Any CPU.ActiveCfg = Debug|Any CPU
		{C7837055-0CEF-4748-8E4F-9540BB705373}.Debug|Any CPU.Build.0 = Debug|Any CPU
		{C7837055-0CEF-4748-8E4F-9540BB705373}.Release|Any CPU.ActiveCfg = Release|Any CPU
		{C7837055-0CEF-4748-8E4F-9540BB705373}.Release|Any CPU.Build.0 = Release|Any CPU
		{86EB13F9-139F-47D4-9218-333E722804FA}.Debug|Any CPU.ActiveCfg = Debug|Any CPU
		{86EB13F9-139F-47D4-9218-333E722804FA}.Debug|Any CPU.Build.0 = Debug|Any CPU
		{86EB13F9-139F-47D4-9218-333E722804FA}.Release|Any CPU.ActiveCfg = Release|Any CPU
		{86EB13F9-139F-47D4-9218-333E722804FA}.Release|Any CPU.Build.0 = Release|Any CPU
		{4886AD29-8513-45B2-832D-076934E211F4}.Debug|Any CPU.ActiveCfg = Debug|Any CPU
		{4886AD29-8513-45B2-832D-076934E211F4}.Debug|Any CPU.Build.0 = Debug|Any CPU
		{4886AD29-8513-45B2-832D-076934E211F4}.Release|Any CPU.ActiveCfg = Release|Any CPU
		{4886AD29-8513-45B2-832D-076934E211F4}.Release|Any CPU.Build.0 = Release|Any CPU
		{30DED9B1-A6E6-41AC-B3C7-CC39E1F2A076}.Debug|Any CPU.ActiveCfg = Debug|Any CPU
		{30DED9B1-A6E6-41AC-B3C7-CC39E1F2A076}.Debug|Any CPU.Build.0 = Debug|Any CPU
		{30DED9B1-A6E6-41AC-B3C7-CC39E1F2A076}.Release|Any CPU.ActiveCfg = Release|Any CPU
		{30DED9B1-A6E6-41AC-B3C7-CC39E1F2A076}.Release|Any CPU.Build.0 = Release|Any CPU
		{E494AF85-C88F-41FA-BA0A-CFE7C7112F5E}.Debug|Any CPU.ActiveCfg = Debug|Any CPU
		{E494AF85-C88F-41FA-BA0A-CFE7C7112F5E}.Debug|Any CPU.Build.0 = Debug|Any CPU
		{E494AF85-C88F-41FA-BA0A-CFE7C7112F5E}.Release|Any CPU.ActiveCfg = Release|Any CPU
		{E494AF85-C88F-41FA-BA0A-CFE7C7112F5E}.Release|Any CPU.Build.0 = Release|Any CPU
		{1825873B-5487-438F-88F6-931D8E6FE4B7}.Debug|Any CPU.ActiveCfg = Debug|Any CPU
		{1825873B-5487-438F-88F6-931D8E6FE4B7}.Debug|Any CPU.Build.0 = Debug|Any CPU
		{1825873B-5487-438F-88F6-931D8E6FE4B7}.Release|Any CPU.ActiveCfg = Release|Any CPU
		{1825873B-5487-438F-88F6-931D8E6FE4B7}.Release|Any CPU.Build.0 = Release|Any CPU
		{EF58FC77-54C4-4B6C-897A-C6C290A2DA23}.Debug|Any CPU.ActiveCfg = Debug|Any CPU
		{EF58FC77-54C4-4B6C-897A-C6C290A2DA23}.Debug|Any CPU.Build.0 = Debug|Any CPU
		{EF58FC77-54C4-4B6C-897A-C6C290A2DA23}.Release|Any CPU.ActiveCfg = Release|Any CPU
		{EF58FC77-54C4-4B6C-897A-C6C290A2DA23}.Release|Any CPU.Build.0 = Release|Any CPU
		{9E830287-3199-45BD-A180-3EFFB6B7E8B7}.Debug|Any CPU.ActiveCfg = Debug|Any CPU
		{9E830287-3199-45BD-A180-3EFFB6B7E8B7}.Debug|Any CPU.Build.0 = Debug|Any CPU
		{9E830287-3199-45BD-A180-3EFFB6B7E8B7}.Release|Any CPU.ActiveCfg = Release|Any CPU
		{9E830287-3199-45BD-A180-3EFFB6B7E8B7}.Release|Any CPU.Build.0 = Release|Any CPU
		{C196D59C-7E3C-4E5A-899E-7FCDDBE467F7}.Debug|Any CPU.ActiveCfg = Debug|Any CPU
		{C196D59C-7E3C-4E5A-899E-7FCDDBE467F7}.Debug|Any CPU.Build.0 = Debug|Any CPU
		{C196D59C-7E3C-4E5A-899E-7FCDDBE467F7}.Release|Any CPU.ActiveCfg = Release|Any CPU
		{C196D59C-7E3C-4E5A-899E-7FCDDBE467F7}.Release|Any CPU.Build.0 = Release|Any CPU
		{3970C752-9387-4E4D-923D-5228EECE9774}.Debug|Any CPU.ActiveCfg = Debug|Any CPU
		{3970C752-9387-4E4D-923D-5228EECE9774}.Debug|Any CPU.Build.0 = Debug|Any CPU
		{3970C752-9387-4E4D-923D-5228EECE9774}.Release|Any CPU.ActiveCfg = Release|Any CPU
		{3970C752-9387-4E4D-923D-5228EECE9774}.Release|Any CPU.Build.0 = Release|Any CPU
		{3E6EC3A7-1F36-45C3-94CE-7DD26223DBBC}.Debug|Any CPU.ActiveCfg = Debug|Any CPU
		{3E6EC3A7-1F36-45C3-94CE-7DD26223DBBC}.Debug|Any CPU.Build.0 = Debug|Any CPU
		{3E6EC3A7-1F36-45C3-94CE-7DD26223DBBC}.Release|Any CPU.ActiveCfg = Release|Any CPU
		{3E6EC3A7-1F36-45C3-94CE-7DD26223DBBC}.Release|Any CPU.Build.0 = Release|Any CPU
		{3E64466A-6AC7-4D1C-A3E2-29B1B4B87090}.Debug|Any CPU.ActiveCfg = Debug|Any CPU
		{3E64466A-6AC7-4D1C-A3E2-29B1B4B87090}.Debug|Any CPU.Build.0 = Debug|Any CPU
		{3E64466A-6AC7-4D1C-A3E2-29B1B4B87090}.Release|Any CPU.ActiveCfg = Release|Any CPU
		{3E64466A-6AC7-4D1C-A3E2-29B1B4B87090}.Release|Any CPU.Build.0 = Release|Any CPU
		{568C8E0A-3D14-43B9-9624-A0C2552AE12C}.Debug|Any CPU.ActiveCfg = Debug|Any CPU
		{568C8E0A-3D14-43B9-9624-A0C2552AE12C}.Debug|Any CPU.Build.0 = Debug|Any CPU
		{568C8E0A-3D14-43B9-9624-A0C2552AE12C}.Release|Any CPU.ActiveCfg = Release|Any CPU
		{568C8E0A-3D14-43B9-9624-A0C2552AE12C}.Release|Any CPU.Build.0 = Release|Any CPU
		{147F2315-2420-4C16-BF25-D0368A17A527}.Debug|Any CPU.ActiveCfg = Debug|Any CPU
		{147F2315-2420-4C16-BF25-D0368A17A527}.Debug|Any CPU.Build.0 = Debug|Any CPU
		{147F2315-2420-4C16-BF25-D0368A17A527}.Release|Any CPU.ActiveCfg = Release|Any CPU
		{147F2315-2420-4C16-BF25-D0368A17A527}.Release|Any CPU.Build.0 = Release|Any CPU
		{47EC32B4-7C15-4C58-8396-FD0E1ACDBC98}.Debug|Any CPU.ActiveCfg = Debug|Any CPU
		{47EC32B4-7C15-4C58-8396-FD0E1ACDBC98}.Debug|Any CPU.Build.0 = Debug|Any CPU
		{47EC32B4-7C15-4C58-8396-FD0E1ACDBC98}.Release|Any CPU.ActiveCfg = Release|Any CPU
		{47EC32B4-7C15-4C58-8396-FD0E1ACDBC98}.Release|Any CPU.Build.0 = Release|Any CPU
		{3803BCCC-1F2C-470D-9F73-C178FC569BFF}.Debug|Any CPU.ActiveCfg = Debug|Any CPU
		{3803BCCC-1F2C-470D-9F73-C178FC569BFF}.Debug|Any CPU.Build.0 = Debug|Any CPU
		{3803BCCC-1F2C-470D-9F73-C178FC569BFF}.Release|Any CPU.ActiveCfg = Release|Any CPU
		{3803BCCC-1F2C-470D-9F73-C178FC569BFF}.Release|Any CPU.Build.0 = Release|Any CPU
		{58E8F319-10EF-4509-98FE-E8E1B1112BE1}.Debug|Any CPU.ActiveCfg = Debug|Any CPU
		{58E8F319-10EF-4509-98FE-E8E1B1112BE1}.Debug|Any CPU.Build.0 = Debug|Any CPU
		{58E8F319-10EF-4509-98FE-E8E1B1112BE1}.Release|Any CPU.ActiveCfg = Release|Any CPU
		{58E8F319-10EF-4509-98FE-E8E1B1112BE1}.Release|Any CPU.Build.0 = Release|Any CPU
		{EA1C097F-53C2-4533-8A8B-64C6188CC5DA}.Debug|Any CPU.ActiveCfg = Debug|Any CPU
		{EA1C097F-53C2-4533-8A8B-64C6188CC5DA}.Debug|Any CPU.Build.0 = Debug|Any CPU
		{EA1C097F-53C2-4533-8A8B-64C6188CC5DA}.Release|Any CPU.ActiveCfg = Release|Any CPU
		{EA1C097F-53C2-4533-8A8B-64C6188CC5DA}.Release|Any CPU.Build.0 = Release|Any CPU
		{9A44DDFC-48EE-483E-94FE-52CDC801709F}.Debug|Any CPU.ActiveCfg = Debug|Any CPU
		{9A44DDFC-48EE-483E-94FE-52CDC801709F}.Debug|Any CPU.Build.0 = Debug|Any CPU
		{9A44DDFC-48EE-483E-94FE-52CDC801709F}.Release|Any CPU.ActiveCfg = Release|Any CPU
		{9A44DDFC-48EE-483E-94FE-52CDC801709F}.Release|Any CPU.Build.0 = Release|Any CPU
		{8D5B6A64-CB2E-407D-B52C-D957D4BA8207}.Debug|Any CPU.ActiveCfg = Debug|Any CPU
		{8D5B6A64-CB2E-407D-B52C-D957D4BA8207}.Debug|Any CPU.Build.0 = Debug|Any CPU
		{8D5B6A64-CB2E-407D-B52C-D957D4BA8207}.Release|Any CPU.ActiveCfg = Release|Any CPU
		{8D5B6A64-CB2E-407D-B52C-D957D4BA8207}.Release|Any CPU.Build.0 = Release|Any CPU
	EndGlobalSection
	GlobalSection(SolutionProperties) = preSolution
		HideSolutionNode = FALSE
	EndGlobalSection
	GlobalSection(NestedProjects) = preSolution
		{346B63A9-E3F2-4704-ADFB-819DB2AEC4E9} = {5D3F7972-C482-4906-A06D-B5F6E6308118}
		{092F3DBB-5820-4C45-98B8-20757DF66E04} = {5D3F7972-C482-4906-A06D-B5F6E6308118}
		{2217F6C4-C584-4CC2-B149-84726F5F573F} = {5D3F7972-C482-4906-A06D-B5F6E6308118}
		{66DFD564-F95E-4301-9444-B6B13F02C272} = {5D3F7972-C482-4906-A06D-B5F6E6308118}
		{A5E5EF75-8447-4D01-8C26-3018FBAF0B5E} = {5D3F7972-C482-4906-A06D-B5F6E6308118}
		{4A8BA0EA-9C74-4752-A67A-0D0B0D2FF057} = {5D3F7972-C482-4906-A06D-B5F6E6308118}
		{48D2BB0D-D59B-4B2B-9B8E-4B394F181D30} = {5D3F7972-C482-4906-A06D-B5F6E6308118}
		{B2AEE5CA-13D6-455F-9A5D-839E78B17DC6} = {5D3F7972-C482-4906-A06D-B5F6E6308118}
		{940FC00A-78FD-4A9F-9DF6-161D3B8DF04F} = {5D3F7972-C482-4906-A06D-B5F6E6308118}
		{FACEACCA-6C86-401D-AC05-077615F47652} = {5D3F7972-C482-4906-A06D-B5F6E6308118}
		{0334F533-9AEF-47CE-B5AB-E6D0FDBAA8BF} = {5D3F7972-C482-4906-A06D-B5F6E6308118}
		{12E79A14-A207-4D3F-943F-C19FE09C459C} = {5D3F7972-C482-4906-A06D-B5F6E6308118}
		{B2494F17-DD32-4D9A-B8AA-F022C1D95958} = {5D3F7972-C482-4906-A06D-B5F6E6308118}
		{5AA4BE04-6AB3-4ACB-A5C7-2B399ED85AB1} = {5C268757-C28D-4B3D-BC42-1D7440BD49F5}
		{5AAAD360-E2F3-4ECC-83CF-BE5DC3C87A01} = {5C268757-C28D-4B3D-BC42-1D7440BD49F5}
		{3C6F90F4-8084-4C11-B0D0-1D8670287C3D} = {5C268757-C28D-4B3D-BC42-1D7440BD49F5}
		{BDE96E02-13DA-4694-834A-D2158308CFC3} = {5D3F7972-C482-4906-A06D-B5F6E6308118}
		{527ED8A3-FEA6-4711-A85D-4DC26705A966} = {5C268757-C28D-4B3D-BC42-1D7440BD49F5}
		{C689E27D-A5EB-4EFD-86F5-56A45317C20D} = {5C268757-C28D-4B3D-BC42-1D7440BD49F5}
		{C379FE59-A12C-4802-9696-5035737C5F87} = {5C268757-C28D-4B3D-BC42-1D7440BD49F5}
		{F50BBDFA-7BE4-4998-8625-E319A14AB902} = {5D3F7972-C482-4906-A06D-B5F6E6308118}
		{F4054311-6575-4796-B703-F02381860508} = {5D3F7972-C482-4906-A06D-B5F6E6308118}
		{2B819B9D-17CA-4628-9572-19C08F861AD9} = {5D3F7972-C482-4906-A06D-B5F6E6308118}
		{B6E264CA-7FCD-4512-9393-31A852AA8769} = {5D3F7972-C482-4906-A06D-B5F6E6308118}
		{D6BE6748-E597-4016-BE83-9010B98953EA} = {5D3F7972-C482-4906-A06D-B5F6E6308118}
		{3BDEDA19-ACD0-46F4-9992-E6658DD7B35B} = {5D3F7972-C482-4906-A06D-B5F6E6308118}
		{C7837055-0CEF-4748-8E4F-9540BB705373} = {5D3F7972-C482-4906-A06D-B5F6E6308118}
		{86EB13F9-139F-47D4-9218-333E722804FA} = {5D3F7972-C482-4906-A06D-B5F6E6308118}
		{4886AD29-8513-45B2-832D-076934E211F4} = {5D3F7972-C482-4906-A06D-B5F6E6308118}
		{30DED9B1-A6E6-41AC-B3C7-CC39E1F2A076} = {5D3F7972-C482-4906-A06D-B5F6E6308118}
		{E494AF85-C88F-41FA-BA0A-CFE7C7112F5E} = {5D3F7972-C482-4906-A06D-B5F6E6308118}
		{1825873B-5487-438F-88F6-931D8E6FE4B7} = {5D3F7972-C482-4906-A06D-B5F6E6308118}
		{EF58FC77-54C4-4B6C-897A-C6C290A2DA23} = {5D3F7972-C482-4906-A06D-B5F6E6308118}
		{9E830287-3199-45BD-A180-3EFFB6B7E8B7} = {5D3F7972-C482-4906-A06D-B5F6E6308118}
		{C196D59C-7E3C-4E5A-899E-7FCDDBE467F7} = {5D3F7972-C482-4906-A06D-B5F6E6308118}
		{3970C752-9387-4E4D-923D-5228EECE9774} = {5D3F7972-C482-4906-A06D-B5F6E6308118}
		{3E6EC3A7-1F36-45C3-94CE-7DD26223DBBC} = {5D3F7972-C482-4906-A06D-B5F6E6308118}
		{3E64466A-6AC7-4D1C-A3E2-29B1B4B87090} = {5C268757-C28D-4B3D-BC42-1D7440BD49F5}
		{568C8E0A-3D14-43B9-9624-A0C2552AE12C} = {5D3F7972-C482-4906-A06D-B5F6E6308118}
		{147F2315-2420-4C16-BF25-D0368A17A527} = {5D3F7972-C482-4906-A06D-B5F6E6308118}
		{47EC32B4-7C15-4C58-8396-FD0E1ACDBC98} = {5D3F7972-C482-4906-A06D-B5F6E6308118}
		{3803BCCC-1F2C-470D-9F73-C178FC569BFF} = {5D3F7972-C482-4906-A06D-B5F6E6308118}
		{58E8F319-10EF-4509-98FE-E8E1B1112BE1} = {5D3F7972-C482-4906-A06D-B5F6E6308118}
		{EA1C097F-53C2-4533-8A8B-64C6188CC5DA} = {5D3F7972-C482-4906-A06D-B5F6E6308118}
		{9A44DDFC-48EE-483E-94FE-52CDC801709F} = {5D3F7972-C482-4906-A06D-B5F6E6308118}
		{8D5B6A64-CB2E-407D-B52C-D957D4BA8207} = {5D3F7972-C482-4906-A06D-B5F6E6308118}
	EndGlobalSection
EndGlobal
